// !$*UTF8*$!
{
	archiveVersion = 1;
	classes = {
	};
	objectVersion = 46;
	objects = {

/* Begin PBXBuildFile section */
		21AE716C1E3A211C009406D3 /* main.m in Sources */ = {isa = PBXBuildFile; fileRef = 21AE716B1E3A211C009406D3 /* main.m */; };
		21AE716F1E3A211C009406D3 /* AppDelegate.m in Sources */ = {isa = PBXBuildFile; fileRef = 21AE716E1E3A211C009406D3 /* AppDelegate.m */; };
		21AE71721E3A211C009406D3 /* ViewController.m in Sources */ = {isa = PBXBuildFile; fileRef = 21AE71711E3A211C009406D3 /* ViewController.m */; };
		21AE71751E3A211C009406D3 /* Main.storyboard in Resources */ = {isa = PBXBuildFile; fileRef = 21AE71731E3A211C009406D3 /* Main.storyboard */; };
		21AE71771E3A211C009406D3 /* Assets.xcassets in Resources */ = {isa = PBXBuildFile; fileRef = 21AE71761E3A211C009406D3 /* Assets.xcassets */; };
		21AE717A1E3A211C009406D3 /* LaunchScreen.storyboard in Resources */ = {isa = PBXBuildFile; fileRef = 21AE71781E3A211C009406D3 /* LaunchScreen.storyboard */; };
		21AE71851E3A211C009406D3 /* __4_3Tests.m in Sources */ = {isa = PBXBuildFile; fileRef = 21AE71841E3A211C009406D3 /* __4_3Tests.m */; };
		21AE71901E3A211C009406D3 /* __4_3UITests.m in Sources */ = {isa = PBXBuildFile; fileRef = 21AE718F1E3A211C009406D3 /* __4_3UITests.m */; };
		2CF288BCDDC9BF791FD25E52 /* libPods-2-4-3UITests.a in Frameworks */ = {isa = PBXBuildFile; fileRef = 83BAF7C48D531C853541FB09 /* libPods-2-4-3UITests.a */; };
		2F36C1B2E87AF6A0FFF7143A /* libPods-2-4-3.a in Frameworks */ = {isa = PBXBuildFile; fileRef = DF1736EB6AE027D025DA8E1C /* libPods-2-4-3.a */; };
		7704D9233DE677B9E514C651 /* libPods-2-4-3Tests.a in Frameworks */ = {isa = PBXBuildFile; fileRef = FC39A1579848F15CE0D83868 /* libPods-2-4-3Tests.a */; };
/* End PBXBuildFile section */

/* Begin PBXContainerItemProxy section */
		21AE71811E3A211C009406D3 /* PBXContainerItemProxy */ = {
			isa = PBXContainerItemProxy;
			containerPortal = 21AE715F1E3A211C009406D3 /* Project object */;
			proxyType = 1;
			remoteGlobalIDString = 21AE71661E3A211C009406D3;
			remoteInfo = "2-4-3";
		};
		21AE718C1E3A211C009406D3 /* PBXContainerItemProxy */ = {
			isa = PBXContainerItemProxy;
			containerPortal = 21AE715F1E3A211C009406D3 /* Project object */;
			proxyType = 1;
			remoteGlobalIDString = 21AE71661E3A211C009406D3;
			remoteInfo = "2-4-3";
		};
/* End PBXContainerItemProxy section */

/* Begin PBXFileReference section */
		21AE71671E3A211C009406D3 /* 2-4-3.app */ = {isa = PBXFileReference; explicitFileType = wrapper.application; includeInIndex = 0; path = "2-4-3.app"; sourceTree = BUILT_PRODUCTS_DIR; };
		21AE716B1E3A211C009406D3 /* main.m */ = {isa = PBXFileReference; lastKnownFileType = sourcecode.c.objc; path = main.m; sourceTree = "<group>"; };
		21AE716D1E3A211C009406D3 /* AppDelegate.h */ = {isa = PBXFileReference; lastKnownFileType = sourcecode.c.h; path = AppDelegate.h; sourceTree = "<group>"; };
		21AE716E1E3A211C009406D3 /* AppDelegate.m */ = {isa = PBXFileReference; lastKnownFileType = sourcecode.c.objc; path = AppDelegate.m; sourceTree = "<group>"; };
		21AE71701E3A211C009406D3 /* ViewController.h */ = {isa = PBXFileReference; lastKnownFileType = sourcecode.c.h; path = ViewController.h; sourceTree = "<group>"; };
		21AE71711E3A211C009406D3 /* ViewController.m */ = {isa = PBXFileReference; lastKnownFileType = sourcecode.c.objc; path = ViewController.m; sourceTree = "<group>"; };
		21AE71741E3A211C009406D3 /* Base */ = {isa = PBXFileReference; lastKnownFileType = file.storyboard; name = Base; path = Base.lproj/Main.storyboard; sourceTree = "<group>"; };
		21AE71761E3A211C009406D3 /* Assets.xcassets */ = {isa = PBXFileReference; lastKnownFileType = folder.assetcatalog; path = Assets.xcassets; sourceTree = "<group>"; };
		21AE71791E3A211C009406D3 /* Base */ = {isa = PBXFileReference; lastKnownFileType = file.storyboard; name = Base; path = Base.lproj/LaunchScreen.storyboard; sourceTree = "<group>"; };
		21AE717B1E3A211C009406D3 /* Info.plist */ = {isa = PBXFileReference; lastKnownFileType = text.plist.xml; path = Info.plist; sourceTree = "<group>"; };
		21AE71801E3A211C009406D3 /* 2-4-3Tests.xctest */ = {isa = PBXFileReference; explicitFileType = wrapper.cfbundle; includeInIndex = 0; path = "2-4-3Tests.xctest"; sourceTree = BUILT_PRODUCTS_DIR; };
		21AE71841E3A211C009406D3 /* __4_3Tests.m */ = {isa = PBXFileReference; lastKnownFileType = sourcecode.c.objc; path = __4_3Tests.m; sourceTree = "<group>"; };
		21AE71861E3A211C009406D3 /* Info.plist */ = {isa = PBXFileReference; lastKnownFileType = text.plist.xml; path = Info.plist; sourceTree = "<group>"; };
		21AE718B1E3A211C009406D3 /* 2-4-3UITests.xctest */ = {isa = PBXFileReference; explicitFileType = wrapper.cfbundle; includeInIndex = 0; path = "2-4-3UITests.xctest"; sourceTree = BUILT_PRODUCTS_DIR; };
		21AE718F1E3A211C009406D3 /* __4_3UITests.m */ = {isa = PBXFileReference; lastKnownFileType = sourcecode.c.objc; path = __4_3UITests.m; sourceTree = "<group>"; };
		21AE71911E3A211C009406D3 /* Info.plist */ = {isa = PBXFileReference; lastKnownFileType = text.plist.xml; path = Info.plist; sourceTree = "<group>"; };
		61FC0043F683856A60C6207C /* Pods-2-4-3UITests.release.xcconfig */ = {isa = PBXFileReference; includeInIndex = 1; lastKnownFileType = text.xcconfig; name = "Pods-2-4-3UITests.release.xcconfig"; path = "Pods/Target Support Files/Pods-2-4-3UITests/Pods-2-4-3UITests.release.xcconfig"; sourceTree = "<group>"; };
		83BAF7C48D531C853541FB09 /* libPods-2-4-3UITests.a */ = {isa = PBXFileReference; explicitFileType = archive.ar; includeInIndex = 0; path = "libPods-2-4-3UITests.a"; sourceTree = BUILT_PRODUCTS_DIR; };
		9DFDF3E8793B13D7320FCFDC /* Pods-2-4-3Tests.debug.xcconfig */ = {isa = PBXFileReference; includeInIndex = 1; lastKnownFileType = text.xcconfig; name = "Pods-2-4-3Tests.debug.xcconfig"; path = "Pods/Target Support Files/Pods-2-4-3Tests/Pods-2-4-3Tests.debug.xcconfig"; sourceTree = "<group>"; };
		A82E8FB3376805548B43316C /* Pods-2-4-3.debug.xcconfig */ = {isa = PBXFileReference; includeInIndex = 1; lastKnownFileType = text.xcconfig; name = "Pods-2-4-3.debug.xcconfig"; path = "Pods/Target Support Files/Pods-2-4-3/Pods-2-4-3.debug.xcconfig"; sourceTree = "<group>"; };
		D3235F7CA5519DE6E0E4B84A /* Pods-2-4-3UITests.debug.xcconfig */ = {isa = PBXFileReference; includeInIndex = 1; lastKnownFileType = text.xcconfig; name = "Pods-2-4-3UITests.debug.xcconfig"; path = "Pods/Target Support Files/Pods-2-4-3UITests/Pods-2-4-3UITests.debug.xcconfig"; sourceTree = "<group>"; };
		D731E1E87E01D45BBD0FCE94 /* Pods-2-4-3.release.xcconfig */ = {isa = PBXFileReference; includeInIndex = 1; lastKnownFileType = text.xcconfig; name = "Pods-2-4-3.release.xcconfig"; path = "Pods/Target Support Files/Pods-2-4-3/Pods-2-4-3.release.xcconfig"; sourceTree = "<group>"; };
		DF1736EB6AE027D025DA8E1C /* libPods-2-4-3.a */ = {isa = PBXFileReference; explicitFileType = archive.ar; includeInIndex = 0; path = "libPods-2-4-3.a"; sourceTree = BUILT_PRODUCTS_DIR; };
		DF9A5EA3488D9869D0997A49 /* Pods-2-4-3Tests.release.xcconfig */ = {isa = PBXFileReference; includeInIndex = 1; lastKnownFileType = text.xcconfig; name = "Pods-2-4-3Tests.release.xcconfig"; path = "Pods/Target Support Files/Pods-2-4-3Tests/Pods-2-4-3Tests.release.xcconfig"; sourceTree = "<group>"; };
		FC39A1579848F15CE0D83868 /* libPods-2-4-3Tests.a */ = {isa = PBXFileReference; explicitFileType = archive.ar; includeInIndex = 0; path = "libPods-2-4-3Tests.a"; sourceTree = BUILT_PRODUCTS_DIR; };
/* End PBXFileReference section */

/* Begin PBXFrameworksBuildPhase section */
		21AE71641E3A211C009406D3 /* Frameworks */ = {
			isa = PBXFrameworksBuildPhase;
			buildActionMask = 2147483647;
			files = (
				2F36C1B2E87AF6A0FFF7143A /* libPods-2-4-3.a in Frameworks */,
			);
			runOnlyForDeploymentPostprocessing = 0;
		};
		21AE717D1E3A211C009406D3 /* Frameworks */ = {
			isa = PBXFrameworksBuildPhase;
			buildActionMask = 2147483647;
			files = (
				7704D9233DE677B9E514C651 /* libPods-2-4-3Tests.a in Frameworks */,
			);
			runOnlyForDeploymentPostprocessing = 0;
		};
		21AE71881E3A211C009406D3 /* Frameworks */ = {
			isa = PBXFrameworksBuildPhase;
			buildActionMask = 2147483647;
			files = (
				2CF288BCDDC9BF791FD25E52 /* libPods-2-4-3UITests.a in Frameworks */,
			);
			runOnlyForDeploymentPostprocessing = 0;
		};
/* End PBXFrameworksBuildPhase section */

/* Begin PBXGroup section */
		21AE715E1E3A211C009406D3 = {
			isa = PBXGroup;
			children = (
				21AE71691E3A211C009406D3 /* 2-4-3 */,
				21AE71831E3A211C009406D3 /* 2-4-3Tests */,
				21AE718E1E3A211C009406D3 /* 2-4-3UITests */,
				21AE71681E3A211C009406D3 /* Products */,
				9B65EA7D6105955C9DA829DF /* Pods */,
				55886ECDAEA3FFD46B27BC85 /* Frameworks */,
			);
			sourceTree = "<group>";
		};
		21AE71681E3A211C009406D3 /* Products */ = {
			isa = PBXGroup;
			children = (
				21AE71671E3A211C009406D3 /* 2-4-3.app */,
				21AE71801E3A211C009406D3 /* 2-4-3Tests.xctest */,
				21AE718B1E3A211C009406D3 /* 2-4-3UITests.xctest */,
			);
			name = Products;
			sourceTree = "<group>";
		};
		21AE71691E3A211C009406D3 /* 2-4-3 */ = {
			isa = PBXGroup;
			children = (
				21AE716D1E3A211C009406D3 /* AppDelegate.h */,
				21AE716E1E3A211C009406D3 /* AppDelegate.m */,
				21AE71701E3A211C009406D3 /* ViewController.h */,
				21AE71711E3A211C009406D3 /* ViewController.m */,
				21AE71731E3A211C009406D3 /* Main.storyboard */,
				21AE71761E3A211C009406D3 /* Assets.xcassets */,
				21AE71781E3A211C009406D3 /* LaunchScreen.storyboard */,
				21AE717B1E3A211C009406D3 /* Info.plist */,
				21AE716A1E3A211C009406D3 /* Supporting Files */,
			);
			path = "2-4-3";
			sourceTree = "<group>";
		};
		21AE716A1E3A211C009406D3 /* Supporting Files */ = {
			isa = PBXGroup;
			children = (
				21AE716B1E3A211C009406D3 /* main.m */,
			);
			name = "Supporting Files";
			sourceTree = "<group>";
		};
		21AE71831E3A211C009406D3 /* 2-4-3Tests */ = {
			isa = PBXGroup;
			children = (
				21AE71841E3A211C009406D3 /* __4_3Tests.m */,
				21AE71861E3A211C009406D3 /* Info.plist */,
			);
			path = "2-4-3Tests";
			sourceTree = "<group>";
		};
		21AE718E1E3A211C009406D3 /* 2-4-3UITests */ = {
			isa = PBXGroup;
			children = (
				21AE718F1E3A211C009406D3 /* __4_3UITests.m */,
				21AE71911E3A211C009406D3 /* Info.plist */,
			);
			path = "2-4-3UITests";
			sourceTree = "<group>";
		};
		55886ECDAEA3FFD46B27BC85 /* Frameworks */ = {
			isa = PBXGroup;
			children = (
				DF1736EB6AE027D025DA8E1C /* libPods-2-4-3.a */,
				FC39A1579848F15CE0D83868 /* libPods-2-4-3Tests.a */,
				83BAF7C48D531C853541FB09 /* libPods-2-4-3UITests.a */,
			);
			name = Frameworks;
			sourceTree = "<group>";
		};
		9B65EA7D6105955C9DA829DF /* Pods */ = {
			isa = PBXGroup;
			children = (
				A82E8FB3376805548B43316C /* Pods-2-4-3.debug.xcconfig */,
				D731E1E87E01D45BBD0FCE94 /* Pods-2-4-3.release.xcconfig */,
				9DFDF3E8793B13D7320FCFDC /* Pods-2-4-3Tests.debug.xcconfig */,
				DF9A5EA3488D9869D0997A49 /* Pods-2-4-3Tests.release.xcconfig */,
				D3235F7CA5519DE6E0E4B84A /* Pods-2-4-3UITests.debug.xcconfig */,
				61FC0043F683856A60C6207C /* Pods-2-4-3UITests.release.xcconfig */,
			);
			name = Pods;
			sourceTree = "<group>";
		};
/* End PBXGroup section */

/* Begin PBXNativeTarget section */
		21AE71661E3A211C009406D3 /* 2-4-3 */ = {
			isa = PBXNativeTarget;
			buildConfigurationList = 21AE71941E3A211C009406D3 /* Build configuration list for PBXNativeTarget "2-4-3" */;
			buildPhases = (
				C8B94A9ACBC5691B66EB80D4 /* [CP] Check Pods Manifest.lock */,
				21AE71631E3A211C009406D3 /* Sources */,
				21AE71641E3A211C009406D3 /* Frameworks */,
				21AE71651E3A211C009406D3 /* Resources */,
				54914401FDEBF46A9743E500 /* [CP] Embed Pods Frameworks */,
				4F26D88EBCF97928784BBBBD /* [CP] Copy Pods Resources */,
			);
			buildRules = (
			);
			dependencies = (
			);
			name = "2-4-3";
			productName = "2-4-3";
			productReference = 21AE71671E3A211C009406D3 /* 2-4-3.app */;
			productType = "com.apple.product-type.application";
		};
		21AE717F1E3A211C009406D3 /* 2-4-3Tests */ = {
			isa = PBXNativeTarget;
			buildConfigurationList = 21AE71971E3A211C009406D3 /* Build configuration list for PBXNativeTarget "2-4-3Tests" */;
			buildPhases = (
				0D5C95AA6B9F3501AD890209 /* [CP] Check Pods Manifest.lock */,
				21AE717C1E3A211C009406D3 /* Sources */,
				21AE717D1E3A211C009406D3 /* Frameworks */,
				21AE717E1E3A211C009406D3 /* Resources */,
				AE17CD5743CA42237ECC6F10 /* [CP] Embed Pods Frameworks */,
				4A6455C20DAE30536B49A485 /* [CP] Copy Pods Resources */,
			);
			buildRules = (
			);
			dependencies = (
				21AE71821E3A211C009406D3 /* PBXTargetDependency */,
			);
			name = "2-4-3Tests";
			productName = "2-4-3Tests";
			productReference = 21AE71801E3A211C009406D3 /* 2-4-3Tests.xctest */;
			productType = "com.apple.product-type.bundle.unit-test";
		};
		21AE718A1E3A211C009406D3 /* 2-4-3UITests */ = {
			isa = PBXNativeTarget;
			buildConfigurationList = 21AE719A1E3A211C009406D3 /* Build configuration list for PBXNativeTarget "2-4-3UITests" */;
			buildPhases = (
				14123D7692257455D940EDA5 /* [CP] Check Pods Manifest.lock */,
				21AE71871E3A211C009406D3 /* Sources */,
				21AE71881E3A211C009406D3 /* Frameworks */,
				21AE71891E3A211C009406D3 /* Resources */,
				117061A6B91EEB80DA21A8FB /* [CP] Embed Pods Frameworks */,
				0E7197B8B5D96B28D550300A /* [CP] Copy Pods Resources */,
			);
			buildRules = (
			);
			dependencies = (
				21AE718D1E3A211C009406D3 /* PBXTargetDependency */,
			);
			name = "2-4-3UITests";
			productName = "2-4-3UITests";
			productReference = 21AE718B1E3A211C009406D3 /* 2-4-3UITests.xctest */;
			productType = "com.apple.product-type.bundle.ui-testing";
		};
/* End PBXNativeTarget section */

/* Begin PBXProject section */
		21AE715F1E3A211C009406D3 /* Project object */ = {
			isa = PBXProject;
			attributes = {
				LastUpgradeCheck = 0730;
				ORGANIZATIONNAME = "林俊太朗";
				TargetAttributes = {
					21AE71661E3A211C009406D3 = {
						CreatedOnToolsVersion = 7.3.1;
					};
					21AE717F1E3A211C009406D3 = {
						CreatedOnToolsVersion = 7.3.1;
						TestTargetID = 21AE71661E3A211C009406D3;
					};
					21AE718A1E3A211C009406D3 = {
						CreatedOnToolsVersion = 7.3.1;
						TestTargetID = 21AE71661E3A211C009406D3;
					};
				};
			};
			buildConfigurationList = 21AE71621E3A211C009406D3 /* Build configuration list for PBXProject "2-4-3" */;
			compatibilityVersion = "Xcode 3.2";
			developmentRegion = English;
			hasScannedForEncodings = 0;
			knownRegions = (
				en,
				Base,
			);
			mainGroup = 21AE715E1E3A211C009406D3;
			productRefGroup = 21AE71681E3A211C009406D3 /* Products */;
			projectDirPath = "";
			projectRoot = "";
			targets = (
				21AE71661E3A211C009406D3 /* 2-4-3 */,
				21AE717F1E3A211C009406D3 /* 2-4-3Tests */,
				21AE718A1E3A211C009406D3 /* 2-4-3UITests */,
			);
		};
/* End PBXProject section */

/* Begin PBXResourcesBuildPhase section */
		21AE71651E3A211C009406D3 /* Resources */ = {
			isa = PBXResourcesBuildPhase;
			buildActionMask = 2147483647;
			files = (
				21AE717A1E3A211C009406D3 /* LaunchScreen.storyboard in Resources */,
				21AE71771E3A211C009406D3 /* Assets.xcassets in Resources */,
				21AE71751E3A211C009406D3 /* Main.storyboard in Resources */,
			);
			runOnlyForDeploymentPostprocessing = 0;
		};
		21AE717E1E3A211C009406D3 /* Resources */ = {
			isa = PBXResourcesBuildPhase;
			buildActionMask = 2147483647;
			files = (
			);
			runOnlyForDeploymentPostprocessing = 0;
		};
		21AE71891E3A211C009406D3 /* Resources */ = {
			isa = PBXResourcesBuildPhase;
			buildActionMask = 2147483647;
			files = (
			);
			runOnlyForDeploymentPostprocessing = 0;
		};
/* End PBXResourcesBuildPhase section */

/* Begin PBXShellScriptBuildPhase section */
		0D5C95AA6B9F3501AD890209 /* [CP] Check Pods Manifest.lock */ = {
			isa = PBXShellScriptBuildPhase;
			buildActionMask = 2147483647;
			files = (
			);
			inputPaths = (
			);
			name = "[CP] Check Pods Manifest.lock";
			outputPaths = (
			);
			runOnlyForDeploymentPostprocessing = 0;
			shellPath = /bin/sh;
			shellScript = "diff \"${PODS_ROOT}/../Podfile.lock\" \"${PODS_ROOT}/Manifest.lock\" > /dev/null\nif [ $? != 0 ] ; then\n    # print error to STDERR\n    echo \"error: The sandbox is not in sync with the Podfile.lock. Run 'pod install' or update your CocoaPods installation.\" >&2\n    exit 1\nfi\n";
			showEnvVarsInLog = 0;
		};
		0E7197B8B5D96B28D550300A /* [CP] Copy Pods Resources */ = {
			isa = PBXShellScriptBuildPhase;
			buildActionMask = 2147483647;
			files = (
			);
			inputPaths = (
			);
			name = "[CP] Copy Pods Resources";
			outputPaths = (
			);
			runOnlyForDeploymentPostprocessing = 0;
			shellPath = /bin/sh;
			shellScript = "\"${SRCROOT}/Pods/Target Support Files/Pods-2-4-3UITests/Pods-2-4-3UITests-resources.sh\"\n";
			showEnvVarsInLog = 0;
		};
		117061A6B91EEB80DA21A8FB /* [CP] Embed Pods Frameworks */ = {
			isa = PBXShellScriptBuildPhase;
			buildActionMask = 2147483647;
			files = (
			);
			inputPaths = (
			);
			name = "[CP] Embed Pods Frameworks";
			outputPaths = (
			);
			runOnlyForDeploymentPostprocessing = 0;
			shellPath = /bin/sh;
			shellScript = "\"${SRCROOT}/Pods/Target Support Files/Pods-2-4-3UITests/Pods-2-4-3UITests-frameworks.sh\"\n";
			showEnvVarsInLog = 0;
		};
		14123D7692257455D940EDA5 /* [CP] Check Pods Manifest.lock */ = {
			isa = PBXShellScriptBuildPhase;
			buildActionMask = 2147483647;
			files = (
			);
			inputPaths = (
			);
			name = "[CP] Check Pods Manifest.lock";
			outputPaths = (
			);
			runOnlyForDeploymentPostprocessing = 0;
			shellPath = /bin/sh;
			shellScript = "diff \"${PODS_ROOT}/../Podfile.lock\" \"${PODS_ROOT}/Manifest.lock\" > /dev/null\nif [ $? != 0 ] ; then\n    # print error to STDERR\n    echo \"error: The sandbox is not in sync with the Podfile.lock. Run 'pod install' or update your CocoaPods installation.\" >&2\n    exit 1\nfi\n";
			showEnvVarsInLog = 0;
		};
		4A6455C20DAE30536B49A485 /* [CP] Copy Pods Resources */ = {
			isa = PBXShellScriptBuildPhase;
			buildActionMask = 2147483647;
			files = (
			);
			inputPaths = (
			);
			name = "[CP] Copy Pods Resources";
			outputPaths = (
			);
			runOnlyForDeploymentPostprocessing = 0;
			shellPath = /bin/sh;
			shellScript = "\"${SRCROOT}/Pods/Target Support Files/Pods-2-4-3Tests/Pods-2-4-3Tests-resources.sh\"\n";
			showEnvVarsInLog = 0;
		};
		4F26D88EBCF97928784BBBBD /* [CP] Copy Pods Resources */ = {
			isa = PBXShellScriptBuildPhase;
			buildActionMask = 2147483647;
			files = (
			);
			inputPaths = (
			);
			name = "[CP] Copy Pods Resources";
			outputPaths = (
			);
			runOnlyForDeploymentPostprocessing = 0;
			shellPath = /bin/sh;
			shellScript = "\"${SRCROOT}/Pods/Target Support Files/Pods-2-4-3/Pods-2-4-3-resources.sh\"\n";
			showEnvVarsInLog = 0;
		};
		54914401FDEBF46A9743E500 /* [CP] Embed Pods Frameworks */ = {
			isa = PBXShellScriptBuildPhase;
			buildActionMask = 2147483647;
			files = (
			);
			inputPaths = (
			);
			name = "[CP] Embed Pods Frameworks";
			outputPaths = (
			);
			runOnlyForDeploymentPostprocessing = 0;
			shellPath = /bin/sh;
			shellScript = "\"${SRCROOT}/Pods/Target Support Files/Pods-2-4-3/Pods-2-4-3-frameworks.sh\"\n";
			showEnvVarsInLog = 0;
		};
		AE17CD5743CA42237ECC6F10 /* [CP] Embed Pods Frameworks */ = {
			isa = PBXShellScriptBuildPhase;
			buildActionMask = 2147483647;
			files = (
			);
			inputPaths = (
			);
			name = "[CP] Embed Pods Frameworks";
			outputPaths = (
			);
			runOnlyForDeploymentPostprocessing = 0;
			shellPath = /bin/sh;
			shellScript = "\"${SRCROOT}/Pods/Target Support Files/Pods-2-4-3Tests/Pods-2-4-3Tests-frameworks.sh\"\n";
			showEnvVarsInLog = 0;
		};
		C8B94A9ACBC5691B66EB80D4 /* [CP] Check Pods Manifest.lock */ = {
			isa = PBXShellScriptBuildPhase;
			buildActionMask = 2147483647;
			files = (
			);
			inputPaths = (
			);
			name = "[CP] Check Pods Manifest.lock";
			outputPaths = (
			);
			runOnlyForDeploymentPostprocessing = 0;
			shellPath = /bin/sh;
			shellScript = "diff \"${PODS_ROOT}/../Podfile.lock\" \"${PODS_ROOT}/Manifest.lock\" > /dev/null\nif [ $? != 0 ] ; then\n    # print error to STDERR\n    echo \"error: The sandbox is not in sync with the Podfile.lock. Run 'pod install' or update your CocoaPods installation.\" >&2\n    exit 1\nfi\n";
			showEnvVarsInLog = 0;
		};
/* End PBXShellScriptBuildPhase section */

/* Begin PBXSourcesBuildPhase section */
		21AE71631E3A211C009406D3 /* Sources */ = {
			isa = PBXSourcesBuildPhase;
			buildActionMask = 2147483647;
			files = (
				21AE71721E3A211C009406D3 /* ViewController.m in Sources */,
				21AE716F1E3A211C009406D3 /* AppDelegate.m in Sources */,
				21AE716C1E3A211C009406D3 /* main.m in Sources */,
			);
			runOnlyForDeploymentPostprocessing = 0;
		};
		21AE717C1E3A211C009406D3 /* Sources */ = {
			isa = PBXSourcesBuildPhase;
			buildActionMask = 2147483647;
			files = (
				21AE71851E3A211C009406D3 /* __4_3Tests.m in Sources */,
			);
			runOnlyForDeploymentPostprocessing = 0;
		};
		21AE71871E3A211C009406D3 /* Sources */ = {
			isa = PBXSourcesBuildPhase;
			buildActionMask = 2147483647;
			files = (
				21AE71901E3A211C009406D3 /* __4_3UITests.m in Sources */,
			);
			runOnlyForDeploymentPostprocessing = 0;
		};
/* End PBXSourcesBuildPhase section */

/* Begin PBXTargetDependency section */
		21AE71821E3A211C009406D3 /* PBXTargetDependency */ = {
			isa = PBXTargetDependency;
			target = 21AE71661E3A211C009406D3 /* 2-4-3 */;
			targetProxy = 21AE71811E3A211C009406D3 /* PBXContainerItemProxy */;
		};
		21AE718D1E3A211C009406D3 /* PBXTargetDependency */ = {
			isa = PBXTargetDependency;
			target = 21AE71661E3A211C009406D3 /* 2-4-3 */;
			targetProxy = 21AE718C1E3A211C009406D3 /* PBXContainerItemProxy */;
		};
/* End PBXTargetDependency section */

/* Begin PBXVariantGroup section */
		21AE71731E3A211C009406D3 /* Main.storyboard */ = {
			isa = PBXVariantGroup;
			children = (
				21AE71741E3A211C009406D3 /* Base */,
			);
			name = Main.storyboard;
			sourceTree = "<group>";
		};
		21AE71781E3A211C009406D3 /* LaunchScreen.storyboard */ = {
			isa = PBXVariantGroup;
			children = (
				21AE71791E3A211C009406D3 /* Base */,
			);
			name = LaunchScreen.storyboard;
			sourceTree = "<group>";
		};
/* End PBXVariantGroup section */

/* Begin XCBuildConfiguration section */
		21AE71921E3A211C009406D3 /* Debug */ = {
			isa = XCBuildConfiguration;
			buildSettings = {
				ALWAYS_SEARCH_USER_PATHS = NO;
				CLANG_ANALYZER_NONNULL = YES;
				CLANG_CXX_LANGUAGE_STANDARD = "gnu++0x";
				CLANG_CXX_LIBRARY = "libc++";
				CLANG_ENABLE_MODULES = YES;
				CLANG_ENABLE_OBJC_ARC = YES;
				CLANG_WARN_BOOL_CONVERSION = YES;
				CLANG_WARN_CONSTANT_CONVERSION = YES;
				CLANG_WARN_DIRECT_OBJC_ISA_USAGE = YES_ERROR;
				CLANG_WARN_EMPTY_BODY = YES;
				CLANG_WARN_ENUM_CONVERSION = YES;
				CLANG_WARN_INT_CONVERSION = YES;
				CLANG_WARN_OBJC_ROOT_CLASS = YES_ERROR;
				CLANG_WARN_UNREACHABLE_CODE = YES;
				CLANG_WARN__DUPLICATE_METHOD_MATCH = YES;
				"CODE_SIGN_IDENTITY[sdk=iphoneos*]" = "iPhone Developer";
				COPY_PHASE_STRIP = NO;
				DEBUG_INFORMATION_FORMAT = dwarf;
				ENABLE_STRICT_OBJC_MSGSEND = YES;
				ENABLE_TESTABILITY = YES;
				GCC_C_LANGUAGE_STANDARD = gnu99;
				GCC_DYNAMIC_NO_PIC = NO;
				GCC_NO_COMMON_BLOCKS = YES;
				GCC_OPTIMIZATION_LEVEL = 0;
				GCC_PREPROCESSOR_DEFINITIONS = (
					"DEBUG=1",
					"$(inherited)",
				);
				GCC_WARN_64_TO_32_BIT_CONVERSION = YES;
				GCC_WARN_ABOUT_RETURN_TYPE = YES_ERROR;
				GCC_WARN_UNDECLARED_SELECTOR = YES;
				GCC_WARN_UNINITIALIZED_AUTOS = YES_AGGRESSIVE;
				GCC_WARN_UNUSED_FUNCTION = YES;
				GCC_WARN_UNUSED_VARIABLE = YES;
				IPHONEOS_DEPLOYMENT_TARGET = 9.3;
				MTL_ENABLE_DEBUG_INFO = YES;
				ONLY_ACTIVE_ARCH = YES;
				SDKROOT = iphoneos;
				TARGETED_DEVICE_FAMILY = "1,2";
			};
			name = Debug;
		};
		21AE71931E3A211C009406D3 /* Release */ = {
			isa = XCBuildConfiguration;
			buildSettings = {
				ALWAYS_SEARCH_USER_PATHS = NO;
				CLANG_ANALYZER_NONNULL = YES;
				CLANG_CXX_LANGUAGE_STANDARD = "gnu++0x";
				CLANG_CXX_LIBRARY = "libc++";
				CLANG_ENABLE_MODULES = YES;
				CLANG_ENABLE_OBJC_ARC = YES;
				CLANG_WARN_BOOL_CONVERSION = YES;
				CLANG_WARN_CONSTANT_CONVERSION = YES;
				CLANG_WARN_DIRECT_OBJC_ISA_USAGE = YES_ERROR;
				CLANG_WARN_EMPTY_BODY = YES;
				CLANG_WARN_ENUM_CONVERSION = YES;
				CLANG_WARN_INT_CONVERSION = YES;
				CLANG_WARN_OBJC_ROOT_CLASS = YES_ERROR;
				CLANG_WARN_UNREACHABLE_CODE = YES;
				CLANG_WARN__DUPLICATE_METHOD_MATCH = YES;
				"CODE_SIGN_IDENTITY[sdk=iphoneos*]" = "iPhone Developer";
				COPY_PHASE_STRIP = NO;
				DEBUG_INFORMATION_FORMAT = "dwarf-with-dsym";
				ENABLE_NS_ASSERTIONS = NO;
				ENABLE_STRICT_OBJC_MSGSEND = YES;
				GCC_C_LANGUAGE_STANDARD = gnu99;
				GCC_NO_COMMON_BLOCKS = YES;
				GCC_WARN_64_TO_32_BIT_CONVERSION = YES;
				GCC_WARN_ABOUT_RETURN_TYPE = YES_ERROR;
				GCC_WARN_UNDECLARED_SELECTOR = YES;
				GCC_WARN_UNINITIALIZED_AUTOS = YES_AGGRESSIVE;
				GCC_WARN_UNUSED_FUNCTION = YES;
				GCC_WARN_UNUSED_VARIABLE = YES;
				IPHONEOS_DEPLOYMENT_TARGET = 9.3;
				MTL_ENABLE_DEBUG_INFO = NO;
				SDKROOT = iphoneos;
				TARGETED_DEVICE_FAMILY = "1,2";
				VALIDATE_PRODUCT = YES;
			};
			name = Release;
		};
		21AE71951E3A211C009406D3 /* Debug */ = {
			isa = XCBuildConfiguration;
			baseConfigurationReference = A82E8FB3376805548B43316C /* Pods-2-4-3.debug.xcconfig */;
			buildSettings = {
				ASSETCATALOG_COMPILER_APPICON_NAME = AppIcon;
				INFOPLIST_FILE = "2-4-3/Info.plist";
				LD_RUNPATH_SEARCH_PATHS = "$(inherited) @executable_path/Frameworks";
				PRODUCT_BUNDLE_IDENTIFIER = "test.--4-3";
				PRODUCT_NAME = "$(TARGET_NAME)";
			};
			name = Debug;
		};
		21AE71961E3A211C009406D3 /* Release */ = {
			isa = XCBuildConfiguration;
			baseConfigurationReference = D731E1E87E01D45BBD0FCE94 /* Pods-2-4-3.release.xcconfig */;
			buildSettings = {
				ASSETCATALOG_COMPILER_APPICON_NAME = AppIcon;
				INFOPLIST_FILE = "2-4-3/Info.plist";
				LD_RUNPATH_SEARCH_PATHS = "$(inherited) @executable_path/Frameworks";
				PRODUCT_BUNDLE_IDENTIFIER = "test.--4-3";
				PRODUCT_NAME = "$(TARGET_NAME)";
			};
			name = Release;
		};
		21AE71981E3A211C009406D3 /* Debug */ = {
			isa = XCBuildConfiguration;
			baseConfigurationReference = 9DFDF3E8793B13D7320FCFDC /* Pods-2-4-3Tests.debug.xcconfig */;
			buildSettings = {
				BUNDLE_LOADER = "$(TEST_HOST)";
				INFOPLIST_FILE = "2-4-3Tests/Info.plist";
				LD_RUNPATH_SEARCH_PATHS = "$(inherited) @executable_path/Frameworks @loader_path/Frameworks";
				PRODUCT_BUNDLE_IDENTIFIER = "test.--4-3Tests";
				PRODUCT_NAME = "$(TARGET_NAME)";
				TEST_HOST = "$(BUILT_PRODUCTS_DIR)/2-4-3.app/2-4-3";
			};
			name = Debug;
		};
		21AE71991E3A211C009406D3 /* Release */ = {
			isa = XCBuildConfiguration;
			baseConfigurationReference = DF9A5EA3488D9869D0997A49 /* Pods-2-4-3Tests.release.xcconfig */;
			buildSettings = {
				BUNDLE_LOADER = "$(TEST_HOST)";
				INFOPLIST_FILE = "2-4-3Tests/Info.plist";
				LD_RUNPATH_SEARCH_PATHS = "$(inherited) @executable_path/Frameworks @loader_path/Frameworks";
				PRODUCT_BUNDLE_IDENTIFIER = "test.--4-3Tests";
				PRODUCT_NAME = "$(TARGET_NAME)";
				TEST_HOST = "$(BUILT_PRODUCTS_DIR)/2-4-3.app/2-4-3";
			};
			name = Release;
		};
		21AE719B1E3A211C009406D3 /* Debug */ = {
			isa = XCBuildConfiguration;
			baseConfigurationReference = D3235F7CA5519DE6E0E4B84A /* Pods-2-4-3UITests.debug.xcconfig */;
			buildSettings = {
				INFOPLIST_FILE = "2-4-3UITests/Info.plist";
				LD_RUNPATH_SEARCH_PATHS = "$(inherited) @executable_path/Frameworks @loader_path/Frameworks";
				PRODUCT_BUNDLE_IDENTIFIER = "test.--4-3UITests";
				PRODUCT_NAME = "$(TARGET_NAME)";
				TEST_TARGET_NAME = "2-4-3";
			};
			name = Debug;
		};
		21AE719C1E3A211C009406D3 /* Release */ = {
			isa = XCBuildConfiguration;
			baseConfigurationReference = 61FC0043F683856A60C6207C /* Pods-2-4-3UITests.release.xcconfig */;
			buildSettings = {
				INFOPLIST_FILE = "2-4-3UITests/Info.plist";
				LD_RUNPATH_SEARCH_PATHS = "$(inherited) @executable_path/Frameworks @loader_path/Frameworks";
				PRODUCT_BUNDLE_IDENTIFIER = "test.--4-3UITests";
				PRODUCT_NAME = "$(TARGET_NAME)";
				TEST_TARGET_NAME = "2-4-3";
			};
			name = Release;
		};
/* End XCBuildConfiguration section */

/* Begin XCConfigurationList section */
		21AE71621E3A211C009406D3 /* Build configuration list for PBXProject "2-4-3" */ = {
			isa = XCConfigurationList;
			buildConfigurations = (
				21AE71921E3A211C009406D3 /* Debug */,
				21AE71931E3A211C009406D3 /* Release */,
			);
			defaultConfigurationIsVisible = 0;
			defaultConfigurationName = Release;
		};
		21AE71941E3A211C009406D3 /* Build configuration list for PBXNativeTarget "2-4-3" */ = {
			isa = XCConfigurationList;
			buildConfigurations = (
				21AE71951E3A211C009406D3 /* Debug */,
				21AE71961E3A211C009406D3 /* Release */,
			);
			defaultConfigurationIsVisible = 0;
		};
		21AE71971E3A211C009406D3 /* Build configuration list for PBXNativeTarget "2-4-3Tests" */ = {
			isa = XCConfigurationList;
			buildConfigurations = (
				21AE71981E3A211C009406D3 /* Debug */,
				21AE71991E3A211C009406D3 /* Release */,
			);
			defaultConfigurationIsVisible = 0;
		};
		21AE719A1E3A211C009406D3 /* Build configuration list for PBXNativeTarget "2-4-3UITests" */ = {
			isa = XCConfigurationList;
			buildConfigurations = (
				21AE719B1E3A211C009406D3 /* Debug */,
				21AE719C1E3A211C009406D3 /* Release */,
			);
			defaultConfigurationIsVisible = 0;
		};
/* End XCConfigurationList section */
	};
	rootObject = 21AE715F1E3A211C009406D3 /* Project object */;
}
