// !$*UTF8*$!
{
	archiveVersion = 1;
	classes = {
	};
	objectVersion = 46;
	objects = {

/* Begin PBXBuildFile section */
		21AE716C1E3A211C009406D3 /* main.m in Sources */ = {isa = PBXBuildFile; fileRef = 21AE716B1E3A211C009406D3 /* main.m */; };
		21AE716F1E3A211C009406D3 /* AppDelegate.m in Sources */ = {isa = PBXBuildFile; fileRef = 21AE716E1E3A211C009406D3 /* AppDelegate.m */; };
		21AE71721E3A211C009406D3 /* ViewController.m in Sources */ = {isa = PBXBuildFile; fileRef = 21AE71711E3A211C009406D3 /* ViewController.m */; };
		21AE71751E3A211C009406D3 /* Main.storyboard in Resources */ = {isa = PBXBuildFile; fileRef = 21AE71731E3A211C009406D3 /* Main.storyboard */; };
		21AE71771E3A211C009406D3 /* Assets.xcassets in Resources */ = {isa = PBXBuildFile; fileRef = 21AE71761E3A211C009406D3 /* Assets.xcassets */; };
		21AE717A1E3A211C009406D3 /* LaunchScreen.storyboard in Resources */ = {isa = PBXBuildFile; fileRef = 21AE71781E3A211C009406D3 /* LaunchScreen.storyboard */; };
		21AE71851E3A211C009406D3 /* __4_3Tests.m in Sources */ = {isa = PBXBuildFile; fileRef = 21AE71841E3A211C009406D3 /* __4_3Tests.m */; };
		21AE71901E3A211C009406D3 /* __4_3UITests.m in Sources */ = {isa = PBXBuildFile; fileRef = 21AE718F1E3A211C009406D3 /* __4_3UITests.m */; };
/* End PBXBuildFile section */

/* Begin PBXContainerItemProxy section */
		21AE71811E3A211C009406D3 /* PBXContainerItemProxy */ = {
			isa = PBXContainerItemProxy;
			containerPortal = 21AE715F1E3A211C009406D3 /* Project object */;
			proxyType = 1;
			remoteGlobalIDString = 21AE71661E3A211C009406D3;
			remoteInfo = "2-4-3";
		};
		21AE718C1E3A211C009406D3 /* PBXContainerItemProxy */ = {
			isa = PBXContainerItemProxy;
			containerPortal = 21AE715F1E3A211C009406D3 /* Project object */;
			proxyType = 1;
			remoteGlobalIDString = 21AE71661E3A211C009406D3;
			remoteInfo = "2-4-3";
		};
/* End PBXContainerItemProxy section */

/* Begin PBXFileReference section */
		21AE71671E3A211C009406D3 /* 2-4-3.app */ = {isa = PBXFileReference; explicitFileType = wrapper.application; includeInIndex = 0; path = "2-4-3.app"; sourceTree = BUILT_PRODUCTS_DIR; };
		21AE716B1E3A211C009406D3 /* main.m */ = {isa = PBXFileReference; lastKnownFileType = sourcecode.c.objc; path = main.m; sourceTree = "<group>"; };
		21AE716D1E3A211C009406D3 /* AppDelegate.h */ = {isa = PBXFileReference; lastKnownFileType = sourcecode.c.h; path = AppDelegate.h; sourceTree = "<group>"; };
		21AE716E1E3A211C009406D3 /* AppDelegate.m */ = {isa = PBXFileReference; lastKnownFileType = sourcecode.c.objc; path = AppDelegate.m; sourceTree = "<group>"; };
		21AE71701E3A211C009406D3 /* ViewController.h */ = {isa = PBXFileReference; lastKnownFileType = sourcecode.c.h; path = ViewController.h; sourceTree = "<group>"; };
		21AE71711E3A211C009406D3 /* ViewController.m */ = {isa = PBXFileReference; lastKnownFileType = sourcecode.c.objc; path = ViewController.m; sourceTree = "<group>"; };
		21AE71741E3A211C009406D3 /* Base */ = {isa = PBXFileReference; lastKnownFileType = file.storyboard; name = Base; path = Base.lproj/Main.storyboard; sourceTree = "<group>"; };
		21AE71761E3A211C009406D3 /* Assets.xcassets */ = {isa = PBXFileReference; lastKnownFileType = folder.assetcatalog; path = Assets.xcassets; sourceTree = "<group>"; };
		21AE71791E3A211C009406D3 /* Base */ = {isa = PBXFileReference; lastKnownFileType = file.storyboard; name = Base; path = Base.lproj/LaunchScreen.storyboard; sourceTree = "<group>"; };
		21AE717B1E3A211C009406D3 /* Info.plist */ = {isa = PBXFileReference; lastKnownFileType = text.plist.xml; path = Info.plist; sourceTree = "<group>"; };
		21AE71801E3A211C009406D3 /* 2-4-3Tests.xctest */ = {isa = PBXFileReference; explicitFileType = wrapper.cfbundle; includeInIndex = 0; path = "2-4-3Tests.xctest"; sourceTree = BUILT_PRODUCTS_DIR; };
		21AE71841E3A211C009406D3 /* __4_3Tests.m */ = {isa = PBXFileReference; lastKnownFileType = sourcecode.c.objc; path = __4_3Tests.m; sourceTree = "<group>"; };
		21AE71861E3A211C009406D3 /* Info.plist */ = {isa = PBXFileReference; lastKnownFileType = text.plist.xml; path = Info.plist; sourceTree = "<group>"; };
		21AE718B1E3A211C009406D3 /* 2-4-3UITests.xctest */ = {isa = PBXFileReference; explicitFileType = wrapper.cfbundle; includeInIndex = 0; path = "2-4-3UITests.xctest"; sourceTree = BUILT_PRODUCTS_DIR; };
		21AE718F1E3A211C009406D3 /* __4_3UITests.m */ = {isa = PBXFileReference; lastKnownFileType = sourcecode.c.objc; path = __4_3UITests.m; sourceTree = "<group>"; };
		21AE71911E3A211C009406D3 /* Info.plist */ = {isa = PBXFileReference; lastKnownFileType = text.plist.xml; path = Info.plist; sourceTree = "<group>"; };
/* End PBXFileReference section */

/* Begin PBXFrameworksBuildPhase section */
		21AE71641E3A211C009406D3 /* Frameworks */ = {
			isa = PBXFrameworksBuildPhase;
			buildActionMask = 2147483647;
			files = (
			);
			runOnlyForDeploymentPostprocessing = 0;
		};
		21AE717D1E3A211C009406D3 /* Frameworks */ = {
			isa = PBXFrameworksBuildPhase;
			buildActionMask = 2147483647;
			files = (
			);
			runOnlyForDeploymentPostprocessing = 0;
		};
		21AE71881E3A211C009406D3 /* Frameworks */ = {
			isa = PBXFrameworksBuildPhase;
			buildActionMask = 2147483647;
			files = (
			);
			runOnlyForDeploymentPostprocessing = 0;
		};
/* End PBXFrameworksBuildPhase section */

/* Begin PBXGroup section */
		21AE715E1E3A211C009406D3 = {
			isa = PBXGroup;
			children = (
				21AE71691E3A211C009406D3 /* 2-4-3 */,
				21AE71831E3A211C009406D3 /* 2-4-3Tests */,
				21AE718E1E3A211C009406D3 /* 2-4-3UITests */,
				21AE71681E3A211C009406D3 /* Products */,
			);
			sourceTree = "<group>";
		};
		21AE71681E3A211C009406D3 /* Products */ = {
			isa = PBXGroup;
			children = (
				21AE71671E3A211C009406D3 /* 2-4-3.app */,
				21AE71801E3A211C009406D3 /* 2-4-3Tests.xctest */,
				21AE718B1E3A211C009406D3 /* 2-4-3UITests.xctest */,
			);
			name = Products;
			sourceTree = "<group>";
		};
		21AE71691E3A211C009406D3 /* 2-4-3 */ = {
			isa = PBXGroup;
			children = (
				21AE716D1E3A211C009406D3 /* AppDelegate.h */,
				21AE716E1E3A211C009406D3 /* AppDelegate.m */,
				21AE71701E3A211C009406D3 /* ViewController.h */,
				21AE71711E3A211C009406D3 /* ViewController.m */,
				21AE71731E3A211C009406D3 /* Main.storyboard */,
				21AE71761E3A211C009406D3 /* Assets.xcassets */,
				21AE71781E3A211C009406D3 /* LaunchScreen.storyboard */,
				21AE717B1E3A211C009406D3 /* Info.plist */,
				21AE716A1E3A211C009406D3 /* Supporting Files */,
			);
			path = "2-4-3";
			sourceTree = "<group>";
		};
		21AE716A1E3A211C009406D3 /* Supporting Files */ = {
			isa = PBXGroup;
			children = (
				21AE716B1E3A211C009406D3 /* main.m */,
			);
			name = "Supporting Files";
			sourceTree = "<group>";
		};
		21AE71831E3A211C009406D3 /* 2-4-3Tests */ = {
			isa = PBXGroup;
			children = (
				21AE71841E3A211C009406D3 /* __4_3Tests.m */,
				21AE71861E3A211C009406D3 /* Info.plist */,
			);
			path = "2-4-3Tests";
			sourceTree = "<group>";
		};
		21AE718E1E3A211C009406D3 /* 2-4-3UITests */ = {
			isa = PBXGroup;
			children = (
				21AE718F1E3A211C009406D3 /* __4_3UITests.m */,
				21AE71911E3A211C009406D3 /* Info.plist */,
			);
			path = "2-4-3UITests";
			sourceTree = "<group>";
		};
/* End PBXGroup section */

/* Begin PBXNativeTarget section */
		21AE71661E3A211C009406D3 /* 2-4-3 */ = {
			isa = PBXNativeTarget;
			buildConfigurationList = 21AE71941E3A211C009406D3 /* Build configuration list for PBXNativeTarget "2-4-3" */;
			buildPhases = (
				21AE71631E3A211C009406D3 /* Sources */,
				21AE71641E3A211C009406D3 /* Frameworks */,
				21AE71651E3A211C009406D3 /* Resources */,
			);
			buildRules = (
			);
			dependencies = (
			);
			name = "2-4-3";
			productName = "2-4-3";
			productReference = 21AE71671E3A211C009406D3 /* 2-4-3.app */;
			productType = "com.apple.product-type.application";
		};
		21AE717F1E3A211C009406D3 /* 2-4-3Tests */ = {
			isa = PBXNativeTarget;
			buildConfigurationList = 21AE71971E3A211C009406D3 /* Build configuration list for PBXNativeTarget "2-4-3Tests" */;
			buildPhases = (
				21AE717C1E3A211C009406D3 /* Sources */,
				21AE717D1E3A211C009406D3 /* Frameworks */,
				21AE717E1E3A211C009406D3 /* Resources */,
			);
			buildRules = (
			);
			dependencies = (
				21AE71821E3A211C009406D3 /* PBXTargetDependency */,
			);
			name = "2-4-3Tests";
			productName = "2-4-3Tests";
			productReference = 21AE71801E3A211C009406D3 /* 2-4-3Tests.xctest */;
			productType = "com.apple.product-type.bundle.unit-test";
		};
		21AE718A1E3A211C009406D3 /* 2-4-3UITests */ = {
			isa = PBXNativeTarget;
			buildConfigurationList = 21AE719A1E3A211C009406D3 /* Build configuration list for PBXNativeTarget "2-4-3UITests" */;
			buildPhases = (
				21AE71871E3A211C009406D3 /* Sources */,
				21AE71881E3A211C009406D3 /* Frameworks */,
				21AE71891E3A211C009406D3 /* Resources */,
			);
			buildRules = (
			);
			dependencies = (
				21AE718D1E3A211C009406D3 /* PBXTargetDependency */,
			);
			name = "2-4-3UITests";
			productName = "2-4-3UITests";
			productReference = 21AE718B1E3A211C009406D3 /* 2-4-3UITests.xctest */;
			productType = "com.apple.product-type.bundle.ui-testing";
		};
/* End PBXNativeTarget section */

/* Begin PBXProject section */
		21AE715F1E3A211C009406D3 /* Project object */ = {
			isa = PBXProject;
			attributes = {
				LastUpgradeCheck = 0730;
				ORGANIZATIONNAME = "林俊太朗";
				TargetAttributes = {
					21AE71661E3A211C009406D3 = {
						CreatedOnToolsVersion = 7.3.1;
					};
					21AE717F1E3A211C009406D3 = {
						CreatedOnToolsVersion = 7.3.1;
						TestTargetID = 21AE71661E3A211C009406D3;
					};
					21AE718A1E3A211C009406D3 = {
						CreatedOnToolsVersion = 7.3.1;
						TestTargetID = 21AE71661E3A211C009406D3;
					};
				};
			};
			buildConfigurationList = 21AE71621E3A211C009406D3 /* Build configuration list for PBXProject "2-4-3" */;
			compatibilityVersion = "Xcode 3.2";
			developmentRegion = English;
			hasScannedForEncodings = 0;
			knownRegions = (
				en,
				Base,
			);
			mainGroup = 21AE715E1E3A211C009406D3;
			productRefGroup = 21AE71681E3A211C009406D3 /* Products */;
			projectDirPath = "";
			projectRoot = "";
			targets = (
				21AE71661E3A211C009406D3 /* 2-4-3 */,
				21AE717F1E3A211C009406D3 /* 2-4-3Tests */,
				21AE718A1E3A211C009406D3 /* 2-4-3UITests */,
			);
		};
/* End PBXProject section */

/* Begin PBXResourcesBuildPhase section */
		21AE71651E3A211C009406D3 /* Resources */ = {
			isa = PBXResourcesBuildPhase;
			buildActionMask = 2147483647;
			files = (
				21AE717A1E3A211C009406D3 /* LaunchScreen.storyboard in Resources */,
				21AE71771E3A211C009406D3 /* Assets.xcassets in Resources */,
				21AE71751E3A211C009406D3 /* Main.storyboard in Resources */,
			);
			runOnlyForDeploymentPostprocessing = 0;
		};
		21AE717E1E3A211C009406D3 /* Resources */ = {
			isa = PBXResourcesBuildPhase;
			buildActionMask = 2147483647;
			files = (
			);
			runOnlyForDeploymentPostprocessing = 0;
		};
		21AE71891E3A211C009406D3 /* Resources */ = {
			isa = PBXResourcesBuildPhase;
			buildActionMask = 2147483647;
			files = (
			);
			runOnlyForDeploymentPostprocessing = 0;
		};
/* End PBXResourcesBuildPhase section */

/* Begin PBXSourcesBuildPhase section */
		21AE71631E3A211C009406D3 /* Sources */ = {
			isa = PBXSourcesBuildPhase;
			buildActionMask = 2147483647;
			files = (
				21AE71721E3A211C009406D3 /* ViewController.m in Sources */,
				21AE716F1E3A211C009406D3 /* AppDelegate.m in Sources */,
				21AE716C1E3A211C009406D3 /* main.m in Sources */,
			);
			runOnlyForDeploymentPostprocessing = 0;
		};
		21AE717C1E3A211C009406D3 /* Sources */ = {
			isa = PBXSourcesBuildPhase;
			buildActionMask = 2147483647;
			files = (
				21AE71851E3A211C009406D3 /* __4_3Tests.m in Sources */,
			);
			runOnlyForDeploymentPostprocessing = 0;
		};
		21AE71871E3A211C009406D3 /* Sources */ = {
			isa = PBXSourcesBuildPhase;
			buildActionMask = 2147483647;
			files = (
				21AE71901E3A211C009406D3 /* __4_3UITests.m in Sources */,
			);
			runOnlyForDeploymentPostprocessing = 0;
		};
/* End PBXSourcesBuildPhase section */

/* Begin PBXTargetDependency section */
		21AE71821E3A211C009406D3 /* PBXTargetDependency */ = {
			isa = PBXTargetDependency;
			target = 21AE71661E3A211C009406D3 /* 2-4-3 */;
			targetProxy = 21AE71811E3A211C009406D3 /* PBXContainerItemProxy */;
		};
		21AE718D1E3A211C009406D3 /* PBXTargetDependency */ = {
			isa = PBXTargetDependency;
			target = 21AE71661E3A211C009406D3 /* 2-4-3 */;
			targetProxy = 21AE718C1E3A211C009406D3 /* PBXContainerItemProxy */;
		};
/* End PBXTargetDependency section */

/* Begin PBXVariantGroup section */
		21AE71731E3A211C009406D3 /* Main.storyboard */ = {
			isa = PBXVariantGroup;
			children = (
				21AE71741E3A211C009406D3 /* Base */,
			);
			name = Main.storyboard;
			sourceTree = "<group>";
		};
		21AE71781E3A211C009406D3 /* LaunchScreen.storyboard */ = {
			isa = PBXVariantGroup;
			children = (
				21AE71791E3A211C009406D3 /* Base */,
			);
			name = LaunchScreen.storyboard;
			sourceTree = "<group>";
		};
/* End PBXVariantGroup section */

/* Begin XCBuildConfiguration section */
		21AE71921E3A211C009406D3 /* Debug */ = {
			isa = XCBuildConfiguration;
			buildSettings = {
				ALWAYS_SEARCH_USER_PATHS = NO;
				CLANG_ANALYZER_NONNULL = YES;
				CLANG_CXX_LANGUAGE_STANDARD = "gnu++0x";
				CLANG_CXX_LIBRARY = "libc++";
				CLANG_ENABLE_MODULES = YES;
				CLANG_ENABLE_OBJC_ARC = YES;
				CLANG_WARN_BOOL_CONVERSION = YES;
				CLANG_WARN_CONSTANT_CONVERSION = YES;
				CLANG_WARN_DIRECT_OBJC_ISA_USAGE = YES_ERROR;
				CLANG_WARN_EMPTY_BODY = YES;
				CLANG_WARN_ENUM_CONVERSION = YES;
				CLANG_WARN_INT_CONVERSION = YES;
				CLANG_WARN_OBJC_ROOT_CLASS = YES_ERROR;
				CLANG_WARN_UNREACHABLE_CODE = YES;
				CLANG_WARN__DUPLICATE_METHOD_MATCH = YES;
				"CODE_SIGN_IDENTITY[sdk=iphoneos*]" = "iPhone Developer";
				COPY_PHASE_STRIP = NO;
				DEBUG_INFORMATION_FORMAT = dwarf;
				ENABLE_STRICT_OBJC_MSGSEND = YES;
				ENABLE_TESTABILITY = YES;
				GCC_C_LANGUAGE_STANDARD = gnu99;
				GCC_DYNAMIC_NO_PIC = NO;
				GCC_NO_COMMON_BLOCKS = YES;
				GCC_OPTIMIZATION_LEVEL = 0;
				GCC_PREPROCESSOR_DEFINITIONS = (
					"DEBUG=1",
					"$(inherited)",
				);
				GCC_WARN_64_TO_32_BIT_CONVERSION = YES;
				GCC_WARN_ABOUT_RETURN_TYPE = YES_ERROR;
				GCC_WARN_UNDECLARED_SELECTOR = YES;
				GCC_WARN_UNINITIALIZED_AUTOS = YES_AGGRESSIVE;
				GCC_WARN_UNUSED_FUNCTION = YES;
				GCC_WARN_UNUSED_VARIABLE = YES;
				IPHONEOS_DEPLOYMENT_TARGET = 9.3;
				MTL_ENABLE_DEBUG_INFO = YES;
				ONLY_ACTIVE_ARCH = YES;
				SDKROOT = iphoneos;
				TARGETED_DEVICE_FAMILY = "1,2";
			};
			name = Debug;
		};
		21AE71931E3A211C009406D3 /* Release */ = {
			isa = XCBuildConfiguration;
			buildSettings = {
				ALWAYS_SEARCH_USER_PATHS = NO;
				CLANG_ANALYZER_NONNULL = YES;
				CLANG_CXX_LANGUAGE_STANDARD = "gnu++0x";
				CLANG_CXX_LIBRARY = "libc++";
				CLANG_ENABLE_MODULES = YES;
				CLANG_ENABLE_OBJC_ARC = YES;
				CLANG_WARN_BOOL_CONVERSION = YES;
				CLANG_WARN_CONSTANT_CONVERSION = YES;
				CLANG_WARN_DIRECT_OBJC_ISA_USAGE = YES_ERROR;
				CLANG_WARN_EMPTY_BODY = YES;
				CLANG_WARN_ENUM_CONVERSION = YES;
				CLANG_WARN_INT_CONVERSION = YES;
				CLANG_WARN_OBJC_ROOT_CLASS = YES_ERROR;
				CLANG_WARN_UNREACHABLE_CODE = YES;
				CLANG_WARN__DUPLICATE_METHOD_MATCH = YES;
				"CODE_SIGN_IDENTITY[sdk=iphoneos*]" = "iPhone Developer";
				COPY_PHASE_STRIP = NO;
				DEBUG_INFORMATION_FORMAT = "dwarf-with-dsym";
				ENABLE_NS_ASSERTIONS = NO;
				ENABLE_STRICT_OBJC_MSGSEND = YES;
				GCC_C_LANGUAGE_STANDARD = gnu99;
				GCC_NO_COMMON_BLOCKS = YES;
				GCC_WARN_64_TO_32_BIT_CONVERSION = YES;
				GCC_WARN_ABOUT_RETURN_TYPE = YES_ERROR;
				GCC_WARN_UNDECLARED_SELECTOR = YES;
				GCC_WARN_UNINITIALIZED_AUTOS = YES_AGGRESSIVE;
				GCC_WARN_UNUSED_FUNCTION = YES;
				GCC_WARN_UNUSED_VARIABLE = YES;
				IPHONEOS_DEPLOYMENT_TARGET = 9.3;
				MTL_ENABLE_DEBUG_INFO = NO;
				SDKROOT = iphoneos;
				TARGETED_DEVICE_FAMILY = "1,2";
				VALIDATE_PRODUCT = YES;
			};
			name = Release;
		};
		21AE71951E3A211C009406D3 /* Debug */ = {
			isa = XCBuildConfiguration;
			buildSettings = {
				ASSETCATALOG_COMPILER_APPICON_NAME = AppIcon;
				INFOPLIST_FILE = "2-4-3/Info.plist";
				LD_RUNPATH_SEARCH_PATHS = "$(inherited) @executable_path/Frameworks";
				PRODUCT_BUNDLE_IDENTIFIER = "test.--4-3";
				PRODUCT_NAME = "$(TARGET_NAME)";
			};
			name = Debug;
		};
		21AE71961E3A211C009406D3 /* Release */ = {
			isa = XCBuildConfiguration;
			buildSettings = {
				ASSETCATALOG_COMPILER_APPICON_NAME = AppIcon;
				INFOPLIST_FILE = "2-4-3/Info.plist";
				LD_RUNPATH_SEARCH_PATHS = "$(inherited) @executable_path/Frameworks";
				PRODUCT_BUNDLE_IDENTIFIER = "test.--4-3";
				PRODUCT_NAME = "$(TARGET_NAME)";
			};
			name = Release;
		};
		21AE71981E3A211C009406D3 /* Debug */ = {
			isa = XCBuildConfiguration;
			buildSettings = {
				BUNDLE_LOADER = "$(TEST_HOST)";
				INFOPLIST_FILE = "2-4-3Tests/Info.plist";
				LD_RUNPATH_SEARCH_PATHS = "$(inherited) @executable_path/Frameworks @loader_path/Frameworks";
				PRODUCT_BUNDLE_IDENTIFIER = "test.--4-3Tests";
				PRODUCT_NAME = "$(TARGET_NAME)";
				TEST_HOST = "$(BUILT_PRODUCTS_DIR)/2-4-3.app/2-4-3";
			};
			name = Debug;
		};
		21AE71991E3A211C009406D3 /* Release */ = {
			isa = XCBuildConfiguration;
			buildSettings = {
				BUNDLE_LOADER = "$(TEST_HOST)";
				INFOPLIST_FILE = "2-4-3Tests/Info.plist";
				LD_RUNPATH_SEARCH_PATHS = "$(inherited) @executable_path/Frameworks @loader_path/Frameworks";
				PRODUCT_BUNDLE_IDENTIFIER = "test.--4-3Tests";
				PRODUCT_NAME = "$(TARGET_NAME)";
				TEST_HOST = "$(BUILT_PRODUCTS_DIR)/2-4-3.app/2-4-3";
			};
			name = Release;
		};
		21AE719B1E3A211C009406D3 /* Debug */ = {
			isa = XCBuildConfiguration;
			buildSettings = {
				INFOPLIST_FILE = "2-4-3UITests/Info.plist";
				LD_RUNPATH_SEARCH_PATHS = "$(inherited) @executable_path/Frameworks @loader_path/Frameworks";
				PRODUCT_BUNDLE_IDENTIFIER = "test.--4-3UITests";
				PRODUCT_NAME = "$(TARGET_NAME)";
				TEST_TARGET_NAME = "2-4-3";
			};
			name = Debug;
		};
		21AE719C1E3A211C009406D3 /* Release */ = {
			isa = XCBuildConfiguration;
			buildSettings = {
				INFOPLIST_FILE = "2-4-3UITests/Info.plist";
				LD_RUNPATH_SEARCH_PATHS = "$(inherited) @executable_path/Frameworks @loader_path/Frameworks";
				PRODUCT_BUNDLE_IDENTIFIER = "test.--4-3UITests";
				PRODUCT_NAME = "$(TARGET_NAME)";
				TEST_TARGET_NAME = "2-4-3";
			};
			name = Release;
		};
/* End XCBuildConfiguration section */

/* Begin XCConfigurationList section */
		21AE71621E3A211C009406D3 /* Build configuration list for PBXProject "2-4-3" */ = {
			isa = XCConfigurationList;
			buildConfigurations = (
				21AE71921E3A211C009406D3 /* Debug */,
				21AE71931E3A211C009406D3 /* Release */,
			);
			defaultConfigurationIsVisible = 0;
			defaultConfigurationName = Release;
		};
		21AE71941E3A211C009406D3 /* Build configuration list for PBXNativeTarget "2-4-3" */ = {
			isa = XCConfigurationList;
			buildConfigurations = (
				21AE71951E3A211C009406D3 /* Debug */,
				21AE71961E3A211C009406D3 /* Release */,
			);
			defaultConfigurationIsVisible = 0;
		};
		21AE71971E3A211C009406D3 /* Build configuration list for PBXNativeTarget "2-4-3Tests" */ = {
			isa = XCConfigurationList;
			buildConfigurations = (
				21AE71981E3A211C009406D3 /* Debug */,
				21AE71991E3A211C009406D3 /* Release */,
			);
			defaultConfigurationIsVisible = 0;
		};
		21AE719A1E3A211C009406D3 /* Build configuration list for PBXNativeTarget "2-4-3UITests" */ = {
			isa = XCConfigurationList;
			buildConfigurations = (
				21AE719B1E3A211C009406D3 /* Debug */,
				21AE719C1E3A211C009406D3 /* Release */,
			);
			defaultConfigurationIsVisible = 0;
		};
/* End XCConfigurationList section */
	};
	rootObject = 21AE715F1E3A211C009406D3 /* Project object */;
}
