// !$*UTF8*$!
{
	archiveVersion = 1;
	classes = {
	};
	objectVersion = 46;
	objects = {

/* Begin PBXBuildFile section */
		2442CA7B1E0D6BE600D26B4A /* main.m in Sources */ = {isa = PBXBuildFile; fileRef = 2442CA7A1E0D6BE600D26B4A /* main.m */; };
		2442CA7E1E0D6BE600D26B4A /* AppDelegate.m in Sources */ = {isa = PBXBuildFile; fileRef = 2442CA7D1E0D6BE600D26B4A /* AppDelegate.m */; };
		2442CA811E0D6BE600D26B4A /* ViewController.m in Sources */ = {isa = PBXBuildFile; fileRef = 2442CA801E0D6BE600D26B4A /* ViewController.m */; };
		2442CA841E0D6BE600D26B4A /* Main.storyboard in Resources */ = {isa = PBXBuildFile; fileRef = 2442CA821E0D6BE600D26B4A /* Main.storyboard */; };
		2442CA861E0D6BE600D26B4A /* Assets.xcassets in Resources */ = {isa = PBXBuildFile; fileRef = 2442CA851E0D6BE600D26B4A /* Assets.xcassets */; };
		2442CA891E0D6BE600D26B4A /* LaunchScreen.storyboard in Resources */ = {isa = PBXBuildFile; fileRef = 2442CA871E0D6BE600D26B4A /* LaunchScreen.storyboard */; };
		2442CA941E0D6BE700D26B4A /* __1_13Tests.m in Sources */ = {isa = PBXBuildFile; fileRef = 2442CA931E0D6BE700D26B4A /* __1_13Tests.m */; };
		2442CA9F1E0D6BE700D26B4A /* __1_13UITests.m in Sources */ = {isa = PBXBuildFile; fileRef = 2442CA9E1E0D6BE700D26B4A /* __1_13UITests.m */; };
/* End PBXBuildFile section */

/* Begin PBXContainerItemProxy section */
		2442CA901E0D6BE700D26B4A /* PBXContainerItemProxy */ = {
			isa = PBXContainerItemProxy;
			containerPortal = 2442CA6E1E0D6BE600D26B4A /* Project object */;
			proxyType = 1;
			remoteGlobalIDString = 2442CA751E0D6BE600D26B4A;
			remoteInfo = "2-1-13";
		};
		2442CA9B1E0D6BE700D26B4A /* PBXContainerItemProxy */ = {
			isa = PBXContainerItemProxy;
			containerPortal = 2442CA6E1E0D6BE600D26B4A /* Project object */;
			proxyType = 1;
			remoteGlobalIDString = 2442CA751E0D6BE600D26B4A;
			remoteInfo = "2-1-13";
		};
/* End PBXContainerItemProxy section */

/* Begin PBXFileReference section */
		2442CA761E0D6BE600D26B4A /* 2-1-13.app */ = {isa = PBXFileReference; explicitFileType = wrapper.application; includeInIndex = 0; path = "2-1-13.app"; sourceTree = BUILT_PRODUCTS_DIR; };
		2442CA7A1E0D6BE600D26B4A /* main.m */ = {isa = PBXFileReference; lastKnownFileType = sourcecode.c.objc; path = main.m; sourceTree = "<group>"; };
		2442CA7C1E0D6BE600D26B4A /* AppDelegate.h */ = {isa = PBXFileReference; lastKnownFileType = sourcecode.c.h; path = AppDelegate.h; sourceTree = "<group>"; };
		2442CA7D1E0D6BE600D26B4A /* AppDelegate.m */ = {isa = PBXFileReference; lastKnownFileType = sourcecode.c.objc; path = AppDelegate.m; sourceTree = "<group>"; };
		2442CA7F1E0D6BE600D26B4A /* ViewController.h */ = {isa = PBXFileReference; lastKnownFileType = sourcecode.c.h; path = ViewController.h; sourceTree = "<group>"; };
		2442CA801E0D6BE600D26B4A /* ViewController.m */ = {isa = PBXFileReference; lastKnownFileType = sourcecode.c.objc; path = ViewController.m; sourceTree = "<group>"; };
		2442CA831E0D6BE600D26B4A /* Base */ = {isa = PBXFileReference; lastKnownFileType = file.storyboard; name = Base; path = Base.lproj/Main.storyboard; sourceTree = "<group>"; };
		2442CA851E0D6BE600D26B4A /* Assets.xcassets */ = {isa = PBXFileReference; lastKnownFileType = folder.assetcatalog; path = Assets.xcassets; sourceTree = "<group>"; };
		2442CA881E0D6BE600D26B4A /* Base */ = {isa = PBXFileReference; lastKnownFileType = file.storyboard; name = Base; path = Base.lproj/LaunchScreen.storyboard; sourceTree = "<group>"; };
		2442CA8A1E0D6BE600D26B4A /* Info.plist */ = {isa = PBXFileReference; lastKnownFileType = text.plist.xml; path = Info.plist; sourceTree = "<group>"; };
		2442CA8F1E0D6BE700D26B4A /* 2-1-13Tests.xctest */ = {isa = PBXFileReference; explicitFileType = wrapper.cfbundle; includeInIndex = 0; path = "2-1-13Tests.xctest"; sourceTree = BUILT_PRODUCTS_DIR; };
		2442CA931E0D6BE700D26B4A /* __1_13Tests.m */ = {isa = PBXFileReference; lastKnownFileType = sourcecode.c.objc; path = __1_13Tests.m; sourceTree = "<group>"; };
		2442CA951E0D6BE700D26B4A /* Info.plist */ = {isa = PBXFileReference; lastKnownFileType = text.plist.xml; path = Info.plist; sourceTree = "<group>"; };
		2442CA9A1E0D6BE700D26B4A /* 2-1-13UITests.xctest */ = {isa = PBXFileReference; explicitFileType = wrapper.cfbundle; includeInIndex = 0; path = "2-1-13UITests.xctest"; sourceTree = BUILT_PRODUCTS_DIR; };
		2442CA9E1E0D6BE700D26B4A /* __1_13UITests.m */ = {isa = PBXFileReference; lastKnownFileType = sourcecode.c.objc; path = __1_13UITests.m; sourceTree = "<group>"; };
		2442CAA01E0D6BE700D26B4A /* Info.plist */ = {isa = PBXFileReference; lastKnownFileType = text.plist.xml; path = Info.plist; sourceTree = "<group>"; };
/* End PBXFileReference section */

/* Begin PBXFrameworksBuildPhase section */
		2442CA731E0D6BE600D26B4A /* Frameworks */ = {
			isa = PBXFrameworksBuildPhase;
			buildActionMask = 2147483647;
			files = (
			);
			runOnlyForDeploymentPostprocessing = 0;
		};
		2442CA8C1E0D6BE700D26B4A /* Frameworks */ = {
			isa = PBXFrameworksBuildPhase;
			buildActionMask = 2147483647;
			files = (
			);
			runOnlyForDeploymentPostprocessing = 0;
		};
		2442CA971E0D6BE700D26B4A /* Frameworks */ = {
			isa = PBXFrameworksBuildPhase;
			buildActionMask = 2147483647;
			files = (
			);
			runOnlyForDeploymentPostprocessing = 0;
		};
/* End PBXFrameworksBuildPhase section */

/* Begin PBXGroup section */
		2442CA6D1E0D6BE600D26B4A = {
			isa = PBXGroup;
			children = (
				2442CA781E0D6BE600D26B4A /* 2-1-13 */,
				2442CA921E0D6BE700D26B4A /* 2-1-13Tests */,
				2442CA9D1E0D6BE700D26B4A /* 2-1-13UITests */,
				2442CA771E0D6BE600D26B4A /* Products */,
			);
			sourceTree = "<group>";
		};
		2442CA771E0D6BE600D26B4A /* Products */ = {
			isa = PBXGroup;
			children = (
				2442CA761E0D6BE600D26B4A /* 2-1-13.app */,
				2442CA8F1E0D6BE700D26B4A /* 2-1-13Tests.xctest */,
				2442CA9A1E0D6BE700D26B4A /* 2-1-13UITests.xctest */,
			);
			name = Products;
			sourceTree = "<group>";
		};
		2442CA781E0D6BE600D26B4A /* 2-1-13 */ = {
			isa = PBXGroup;
			children = (
				2442CA7C1E0D6BE600D26B4A /* AppDelegate.h */,
				2442CA7D1E0D6BE600D26B4A /* AppDelegate.m */,
				2442CA7F1E0D6BE600D26B4A /* ViewController.h */,
				2442CA801E0D6BE600D26B4A /* ViewController.m */,
				2442CA821E0D6BE600D26B4A /* Main.storyboard */,
				2442CA851E0D6BE600D26B4A /* Assets.xcassets */,
				2442CA871E0D6BE600D26B4A /* LaunchScreen.storyboard */,
				2442CA8A1E0D6BE600D26B4A /* Info.plist */,
				2442CA791E0D6BE600D26B4A /* Supporting Files */,
			);
			path = "2-1-13";
			sourceTree = "<group>";
		};
		2442CA791E0D6BE600D26B4A /* Supporting Files */ = {
			isa = PBXGroup;
			children = (
				2442CA7A1E0D6BE600D26B4A /* main.m */,
			);
			name = "Supporting Files";
			sourceTree = "<group>";
		};
		2442CA921E0D6BE700D26B4A /* 2-1-13Tests */ = {
			isa = PBXGroup;
			children = (
				2442CA931E0D6BE700D26B4A /* __1_13Tests.m */,
				2442CA951E0D6BE700D26B4A /* Info.plist */,
			);
			path = "2-1-13Tests";
			sourceTree = "<group>";
		};
		2442CA9D1E0D6BE700D26B4A /* 2-1-13UITests */ = {
			isa = PBXGroup;
			children = (
				2442CA9E1E0D6BE700D26B4A /* __1_13UITests.m */,
				2442CAA01E0D6BE700D26B4A /* Info.plist */,
			);
			path = "2-1-13UITests";
			sourceTree = "<group>";
		};
/* End PBXGroup section */

/* Begin PBXNativeTarget section */
		2442CA751E0D6BE600D26B4A /* 2-1-13 */ = {
			isa = PBXNativeTarget;
			buildConfigurationList = 2442CAA31E0D6BE700D26B4A /* Build configuration list for PBXNativeTarget "2-1-13" */;
			buildPhases = (
				2442CA721E0D6BE600D26B4A /* Sources */,
				2442CA731E0D6BE600D26B4A /* Frameworks */,
				2442CA741E0D6BE600D26B4A /* Resources */,
			);
			buildRules = (
			);
			dependencies = (
			);
			name = "2-1-13";
			productName = "2-1-13";
			productReference = 2442CA761E0D6BE600D26B4A /* 2-1-13.app */;
			productType = "com.apple.product-type.application";
		};
		2442CA8E1E0D6BE700D26B4A /* 2-1-13Tests */ = {
			isa = PBXNativeTarget;
			buildConfigurationList = 2442CAA61E0D6BE700D26B4A /* Build configuration list for PBXNativeTarget "2-1-13Tests" */;
			buildPhases = (
				2442CA8B1E0D6BE700D26B4A /* Sources */,
				2442CA8C1E0D6BE700D26B4A /* Frameworks */,
				2442CA8D1E0D6BE700D26B4A /* Resources */,
			);
			buildRules = (
			);
			dependencies = (
				2442CA911E0D6BE700D26B4A /* PBXTargetDependency */,
			);
			name = "2-1-13Tests";
			productName = "2-1-13Tests";
			productReference = 2442CA8F1E0D6BE700D26B4A /* 2-1-13Tests.xctest */;
			productType = "com.apple.product-type.bundle.unit-test";
		};
		2442CA991E0D6BE700D26B4A /* 2-1-13UITests */ = {
			isa = PBXNativeTarget;
			buildConfigurationList = 2442CAA91E0D6BE700D26B4A /* Build configuration list for PBXNativeTarget "2-1-13UITests" */;
			buildPhases = (
				2442CA961E0D6BE700D26B4A /* Sources */,
				2442CA971E0D6BE700D26B4A /* Frameworks */,
				2442CA981E0D6BE700D26B4A /* Resources */,
			);
			buildRules = (
			);
			dependencies = (
				2442CA9C1E0D6BE700D26B4A /* PBXTargetDependency */,
			);
			name = "2-1-13UITests";
			productName = "2-1-13UITests";
			productReference = 2442CA9A1E0D6BE700D26B4A /* 2-1-13UITests.xctest */;
			productType = "com.apple.product-type.bundle.ui-testing";
		};
/* End PBXNativeTarget section */

/* Begin PBXProject section */
		2442CA6E1E0D6BE600D26B4A /* Project object */ = {
			isa = PBXProject;
			attributes = {
				LastUpgradeCheck = 0730;
				ORGANIZATIONNAME = Hayashi;
				TargetAttributes = {
					2442CA751E0D6BE600D26B4A = {
						CreatedOnToolsVersion = 7.3;
					};
					2442CA8E1E0D6BE700D26B4A = {
						CreatedOnToolsVersion = 7.3;
						TestTargetID = 2442CA751E0D6BE600D26B4A;
					};
					2442CA991E0D6BE700D26B4A = {
						CreatedOnToolsVersion = 7.3;
						TestTargetID = 2442CA751E0D6BE600D26B4A;
					};
				};
			};
			buildConfigurationList = 2442CA711E0D6BE600D26B4A /* Build configuration list for PBXProject "2-1-13" */;
			compatibilityVersion = "Xcode 3.2";
			developmentRegion = English;
			hasScannedForEncodings = 0;
			knownRegions = (
				en,
				Base,
			);
			mainGroup = 2442CA6D1E0D6BE600D26B4A;
			productRefGroup = 2442CA771E0D6BE600D26B4A /* Products */;
			projectDirPath = "";
			projectRoot = "";
			targets = (
				2442CA751E0D6BE600D26B4A /* 2-1-13 */,
				2442CA8E1E0D6BE700D26B4A /* 2-1-13Tests */,
				2442CA991E0D6BE700D26B4A /* 2-1-13UITests */,
			);
		};
/* End PBXProject section */

/* Begin PBXResourcesBuildPhase section */
		2442CA741E0D6BE600D26B4A /* Resources */ = {
			isa = PBXResourcesBuildPhase;
			buildActionMask = 2147483647;
			files = (
				2442CA891E0D6BE600D26B4A /* LaunchScreen.storyboard in Resources */,
				2442CA861E0D6BE600D26B4A /* Assets.xcassets in Resources */,
				2442CA841E0D6BE600D26B4A /* Main.storyboard in Resources */,
			);
			runOnlyForDeploymentPostprocessing = 0;
		};
		2442CA8D1E0D6BE700D26B4A /* Resources */ = {
			isa = PBXResourcesBuildPhase;
			buildActionMask = 2147483647;
			files = (
			);
			runOnlyForDeploymentPostprocessing = 0;
		};
		2442CA981E0D6BE700D26B4A /* Resources */ = {
			isa = PBXResourcesBuildPhase;
			buildActionMask = 2147483647;
			files = (
			);
			runOnlyForDeploymentPostprocessing = 0;
		};
/* End PBXResourcesBuildPhase section */

/* Begin PBXSourcesBuildPhase section */
		2442CA721E0D6BE600D26B4A /* Sources */ = {
			isa = PBXSourcesBuildPhase;
			buildActionMask = 2147483647;
			files = (
				2442CA811E0D6BE600D26B4A /* ViewController.m in Sources */,
				2442CA7E1E0D6BE600D26B4A /* AppDelegate.m in Sources */,
				2442CA7B1E0D6BE600D26B4A /* main.m in Sources */,
			);
			runOnlyForDeploymentPostprocessing = 0;
		};
		2442CA8B1E0D6BE700D26B4A /* Sources */ = {
			isa = PBXSourcesBuildPhase;
			buildActionMask = 2147483647;
			files = (
				2442CA941E0D6BE700D26B4A /* __1_13Tests.m in Sources */,
			);
			runOnlyForDeploymentPostprocessing = 0;
		};
		2442CA961E0D6BE700D26B4A /* Sources */ = {
			isa = PBXSourcesBuildPhase;
			buildActionMask = 2147483647;
			files = (
				2442CA9F1E0D6BE700D26B4A /* __1_13UITests.m in Sources */,
			);
			runOnlyForDeploymentPostprocessing = 0;
		};
/* End PBXSourcesBuildPhase section */

/* Begin PBXTargetDependency section */
		2442CA911E0D6BE700D26B4A /* PBXTargetDependency */ = {
			isa = PBXTargetDependency;
			target = 2442CA751E0D6BE600D26B4A /* 2-1-13 */;
			targetProxy = 2442CA901E0D6BE700D26B4A /* PBXContainerItemProxy */;
		};
		2442CA9C1E0D6BE700D26B4A /* PBXTargetDependency */ = {
			isa = PBXTargetDependency;
			target = 2442CA751E0D6BE600D26B4A /* 2-1-13 */;
			targetProxy = 2442CA9B1E0D6BE700D26B4A /* PBXContainerItemProxy */;
		};
/* End PBXTargetDependency section */

/* Begin PBXVariantGroup section */
		2442CA821E0D6BE600D26B4A /* Main.storyboard */ = {
			isa = PBXVariantGroup;
			children = (
				2442CA831E0D6BE600D26B4A /* Base */,
			);
			name = Main.storyboard;
			sourceTree = "<group>";
		};
		2442CA871E0D6BE600D26B4A /* LaunchScreen.storyboard */ = {
			isa = PBXVariantGroup;
			children = (
				2442CA881E0D6BE600D26B4A /* Base */,
			);
			name = LaunchScreen.storyboard;
			sourceTree = "<group>";
		};
/* End PBXVariantGroup section */

/* Begin XCBuildConfiguration section */
		2442CAA11E0D6BE700D26B4A /* Debug */ = {
			isa = XCBuildConfiguration;
			buildSettings = {
				ALWAYS_SEARCH_USER_PATHS = NO;
				CLANG_ANALYZER_NONNULL = YES;
				CLANG_CXX_LANGUAGE_STANDARD = "gnu++0x";
				CLANG_CXX_LIBRARY = "libc++";
				CLANG_ENABLE_MODULES = YES;
				CLANG_ENABLE_OBJC_ARC = YES;
				CLANG_WARN_BOOL_CONVERSION = YES;
				CLANG_WARN_CONSTANT_CONVERSION = YES;
				CLANG_WARN_DIRECT_OBJC_ISA_USAGE = YES_ERROR;
				CLANG_WARN_EMPTY_BODY = YES;
				CLANG_WARN_ENUM_CONVERSION = YES;
				CLANG_WARN_INT_CONVERSION = YES;
				CLANG_WARN_OBJC_ROOT_CLASS = YES_ERROR;
				CLANG_WARN_UNREACHABLE_CODE = YES;
				CLANG_WARN__DUPLICATE_METHOD_MATCH = YES;
				"CODE_SIGN_IDENTITY[sdk=iphoneos*]" = "iPhone Developer";
				COPY_PHASE_STRIP = NO;
				DEBUG_INFORMATION_FORMAT = dwarf;
				ENABLE_STRICT_OBJC_MSGSEND = YES;
				ENABLE_TESTABILITY = YES;
				GCC_C_LANGUAGE_STANDARD = gnu99;
				GCC_DYNAMIC_NO_PIC = NO;
				GCC_NO_COMMON_BLOCKS = YES;
				GCC_OPTIMIZATION_LEVEL = 0;
				GCC_PREPROCESSOR_DEFINITIONS = (
					"DEBUG=1",
					"$(inherited)",
				);
				GCC_WARN_64_TO_32_BIT_CONVERSION = YES;
				GCC_WARN_ABOUT_RETURN_TYPE = YES_ERROR;
				GCC_WARN_UNDECLARED_SELECTOR = YES;
				GCC_WARN_UNINITIALIZED_AUTOS = YES_AGGRESSIVE;
				GCC_WARN_UNUSED_FUNCTION = YES;
				GCC_WARN_UNUSED_VARIABLE = YES;
				IPHONEOS_DEPLOYMENT_TARGET = 9.3;
				MTL_ENABLE_DEBUG_INFO = YES;
				ONLY_ACTIVE_ARCH = YES;
				SDKROOT = iphoneos;
				TARGETED_DEVICE_FAMILY = "1,2";
			};
			name = Debug;
		};
		2442CAA21E0D6BE700D26B4A /* Release */ = {
			isa = XCBuildConfiguration;
			buildSettings = {
				ALWAYS_SEARCH_USER_PATHS = NO;
				CLANG_ANALYZER_NONNULL = YES;
				CLANG_CXX_LANGUAGE_STANDARD = "gnu++0x";
				CLANG_CXX_LIBRARY = "libc++";
				CLANG_ENABLE_MODULES = YES;
				CLANG_ENABLE_OBJC_ARC = YES;
				CLANG_WARN_BOOL_CONVERSION = YES;
				CLANG_WARN_CONSTANT_CONVERSION = YES;
				CLANG_WARN_DIRECT_OBJC_ISA_USAGE = YES_ERROR;
				CLANG_WARN_EMPTY_BODY = YES;
				CLANG_WARN_ENUM_CONVERSION = YES;
				CLANG_WARN_INT_CONVERSION = YES;
				CLANG_WARN_OBJC_ROOT_CLASS = YES_ERROR;
				CLANG_WARN_UNREACHABLE_CODE = YES;
				CLANG_WARN__DUPLICATE_METHOD_MATCH = YES;
				"CODE_SIGN_IDENTITY[sdk=iphoneos*]" = "iPhone Developer";
				COPY_PHASE_STRIP = NO;
				DEBUG_INFORMATION_FORMAT = "dwarf-with-dsym";
				ENABLE_NS_ASSERTIONS = NO;
				ENABLE_STRICT_OBJC_MSGSEND = YES;
				GCC_C_LANGUAGE_STANDARD = gnu99;
				GCC_NO_COMMON_BLOCKS = YES;
				GCC_WARN_64_TO_32_BIT_CONVERSION = YES;
				GCC_WARN_ABOUT_RETURN_TYPE = YES_ERROR;
				GCC_WARN_UNDECLARED_SELECTOR = YES;
				GCC_WARN_UNINITIALIZED_AUTOS = YES_AGGRESSIVE;
				GCC_WARN_UNUSED_FUNCTION = YES;
				GCC_WARN_UNUSED_VARIABLE = YES;
				IPHONEOS_DEPLOYMENT_TARGET = 9.3;
				MTL_ENABLE_DEBUG_INFO = NO;
				SDKROOT = iphoneos;
				TARGETED_DEVICE_FAMILY = "1,2";
				VALIDATE_PRODUCT = YES;
			};
			name = Release;
		};
		2442CAA41E0D6BE700D26B4A /* Debug */ = {
			isa = XCBuildConfiguration;
			buildSettings = {
				ASSETCATALOG_COMPILER_APPICON_NAME = AppIcon;
				INFOPLIST_FILE = "2-1-13/Info.plist";
				LD_RUNPATH_SEARCH_PATHS = "$(inherited) @executable_path/Frameworks";
				PRODUCT_BUNDLE_IDENTIFIER = "Hayashi.--1-13";
				PRODUCT_NAME = "$(TARGET_NAME)";
			};
			name = Debug;
		};
		2442CAA51E0D6BE700D26B4A /* Release */ = {
			isa = XCBuildConfiguration;
			buildSettings = {
				ASSETCATALOG_COMPILER_APPICON_NAME = AppIcon;
				INFOPLIST_FILE = "2-1-13/Info.plist";
				LD_RUNPATH_SEARCH_PATHS = "$(inherited) @executable_path/Frameworks";
				PRODUCT_BUNDLE_IDENTIFIER = "Hayashi.--1-13";
				PRODUCT_NAME = "$(TARGET_NAME)";
			};
			name = Release;
		};
		2442CAA71E0D6BE700D26B4A /* Debug */ = {
			isa = XCBuildConfiguration;
			buildSettings = {
				BUNDLE_LOADER = "$(TEST_HOST)";
				INFOPLIST_FILE = "2-1-13Tests/Info.plist";
				LD_RUNPATH_SEARCH_PATHS = "$(inherited) @executable_path/Frameworks @loader_path/Frameworks";
				PRODUCT_BUNDLE_IDENTIFIER = "Hayashi.--1-13Tests";
				PRODUCT_NAME = "$(TARGET_NAME)";
				TEST_HOST = "$(BUILT_PRODUCTS_DIR)/2-1-13.app/2-1-13";
			};
			name = Debug;
		};
		2442CAA81E0D6BE700D26B4A /* Release */ = {
			isa = XCBuildConfiguration;
			buildSettings = {
				BUNDLE_LOADER = "$(TEST_HOST)";
				INFOPLIST_FILE = "2-1-13Tests/Info.plist";
				LD_RUNPATH_SEARCH_PATHS = "$(inherited) @executable_path/Frameworks @loader_path/Frameworks";
				PRODUCT_BUNDLE_IDENTIFIER = "Hayashi.--1-13Tests";
				PRODUCT_NAME = "$(TARGET_NAME)";
				TEST_HOST = "$(BUILT_PRODUCTS_DIR)/2-1-13.app/2-1-13";
			};
			name = Release;
		};
		2442CAAA1E0D6BE700D26B4A /* Debug */ = {
			isa = XCBuildConfiguration;
			buildSettings = {
				INFOPLIST_FILE = "2-1-13UITests/Info.plist";
				LD_RUNPATH_SEARCH_PATHS = "$(inherited) @executable_path/Frameworks @loader_path/Frameworks";
				PRODUCT_BUNDLE_IDENTIFIER = "Hayashi.--1-13UITests";
				PRODUCT_NAME = "$(TARGET_NAME)";
				TEST_TARGET_NAME = "2-1-13";
			};
			name = Debug;
		};
		2442CAAB1E0D6BE700D26B4A /* Release */ = {
			isa = XCBuildConfiguration;
			buildSettings = {
				INFOPLIST_FILE = "2-1-13UITests/Info.plist";
				LD_RUNPATH_SEARCH_PATHS = "$(inherited) @executable_path/Frameworks @loader_path/Frameworks";
				PRODUCT_BUNDLE_IDENTIFIER = "Hayashi.--1-13UITests";
				PRODUCT_NAME = "$(TARGET_NAME)";
				TEST_TARGET_NAME = "2-1-13";
			};
			name = Release;
		};
/* End XCBuildConfiguration section */

/* Begin XCConfigurationList section */
		2442CA711E0D6BE600D26B4A /* Build configuration list for PBXProject "2-1-13" */ = {
			isa = XCConfigurationList;
			buildConfigurations = (
				2442CAA11E0D6BE700D26B4A /* Debug */,
				2442CAA21E0D6BE700D26B4A /* Release */,
			);
			defaultConfigurationIsVisible = 0;
			defaultConfigurationName = Release;
		};
		2442CAA31E0D6BE700D26B4A /* Build configuration list for PBXNativeTarget "2-1-13" */ = {
			isa = XCConfigurationList;
			buildConfigurations = (
				2442CAA41E0D6BE700D26B4A /* Debug */,
				2442CAA51E0D6BE700D26B4A /* Release */,
			);
			defaultConfigurationIsVisible = 0;
		};
		2442CAA61E0D6BE700D26B4A /* Build configuration list for PBXNativeTarget "2-1-13Tests" */ = {
			isa = XCConfigurationList;
			buildConfigurations = (
				2442CAA71E0D6BE700D26B4A /* Debug */,
				2442CAA81E0D6BE700D26B4A /* Release */,
			);
			defaultConfigurationIsVisible = 0;
		};
		2442CAA91E0D6BE700D26B4A /* Build configuration list for PBXNativeTarget "2-1-13UITests" */ = {
			isa = XCConfigurationList;
			buildConfigurations = (
				2442CAAA1E0D6BE700D26B4A /* Debug */,
				2442CAAB1E0D6BE700D26B4A /* Release */,
			);
			defaultConfigurationIsVisible = 0;
		};
/* End XCConfigurationList section */
	};
	rootObject = 2442CA6E1E0D6BE600D26B4A /* Project object */;
}
