// !$*UTF8*$!
{
	archiveVersion = 1;
	classes = {
	};
	objectVersion = 46;
	objects = {

/* Begin PBXBuildFile section */
		07F20B404BA5A93C9D7EE941 /* libPods-2-4-4Tests.a in Frameworks */ = {isa = PBXBuildFile; fileRef = 43EF159FF345319306DDFF42 /* libPods-2-4-4Tests.a */; };
		217EF9731E41744800BF3B68 /* main.m in Sources */ = {isa = PBXBuildFile; fileRef = 217EF9721E41744800BF3B68 /* main.m */; };
		217EF9761E41744800BF3B68 /* AppDelegate.m in Sources */ = {isa = PBXBuildFile; fileRef = 217EF9751E41744800BF3B68 /* AppDelegate.m */; };
		217EF9791E41744800BF3B68 /* ViewController.m in Sources */ = {isa = PBXBuildFile; fileRef = 217EF9781E41744800BF3B68 /* ViewController.m */; };
		217EF97C1E41744800BF3B68 /* Main.storyboard in Resources */ = {isa = PBXBuildFile; fileRef = 217EF97A1E41744800BF3B68 /* Main.storyboard */; };
		217EF97E1E41744800BF3B68 /* Assets.xcassets in Resources */ = {isa = PBXBuildFile; fileRef = 217EF97D1E41744800BF3B68 /* Assets.xcassets */; };
		217EF9811E41744800BF3B68 /* LaunchScreen.storyboard in Resources */ = {isa = PBXBuildFile; fileRef = 217EF97F1E41744800BF3B68 /* LaunchScreen.storyboard */; };
		217EF98C1E41744900BF3B68 /* __4_4Tests.m in Sources */ = {isa = PBXBuildFile; fileRef = 217EF98B1E41744900BF3B68 /* __4_4Tests.m */; };
		217EF9971E41744900BF3B68 /* __4_4UITests.m in Sources */ = {isa = PBXBuildFile; fileRef = 217EF9961E41744900BF3B68 /* __4_4UITests.m */; };
		217EF9A61E4175CC00BF3B68 /* FMDbConect.m in Sources */ = {isa = PBXBuildFile; fileRef = 217EF9A51E4175CC00BF3B68 /* FMDbConect.m */; };
		7AC7CE71FA84A2A7AA568367 /* libPods-2-4-4UITests.a in Frameworks */ = {isa = PBXBuildFile; fileRef = 11D88DBFB1016BA03F371C46 /* libPods-2-4-4UITests.a */; };
		8150C324055B4C96FED201CF /* libPods-2-4-4.a in Frameworks */ = {isa = PBXBuildFile; fileRef = D22F8A60FE495BE18F47933E /* libPods-2-4-4.a */; };
/* End PBXBuildFile section */

/* Begin PBXContainerItemProxy section */
		217EF9881E41744900BF3B68 /* PBXContainerItemProxy */ = {
			isa = PBXContainerItemProxy;
			containerPortal = 217EF9661E41744800BF3B68 /* Project object */;
			proxyType = 1;
			remoteGlobalIDString = 217EF96D1E41744800BF3B68;
			remoteInfo = "2-4-4";
		};
		217EF9931E41744900BF3B68 /* PBXContainerItemProxy */ = {
			isa = PBXContainerItemProxy;
			containerPortal = 217EF9661E41744800BF3B68 /* Project object */;
			proxyType = 1;
			remoteGlobalIDString = 217EF96D1E41744800BF3B68;
			remoteInfo = "2-4-4";
		};
/* End PBXContainerItemProxy section */

/* Begin PBXFileReference section */
		11D88DBFB1016BA03F371C46 /* libPods-2-4-4UITests.a */ = {isa = PBXFileReference; explicitFileType = archive.ar; includeInIndex = 0; path = "libPods-2-4-4UITests.a"; sourceTree = BUILT_PRODUCTS_DIR; };
		217EF96E1E41744800BF3B68 /* 2-4-4.app */ = {isa = PBXFileReference; explicitFileType = wrapper.application; includeInIndex = 0; path = "2-4-4.app"; sourceTree = BUILT_PRODUCTS_DIR; };
		217EF9721E41744800BF3B68 /* main.m */ = {isa = PBXFileReference; lastKnownFileType = sourcecode.c.objc; path = main.m; sourceTree = "<group>"; };
		217EF9741E41744800BF3B68 /* AppDelegate.h */ = {isa = PBXFileReference; lastKnownFileType = sourcecode.c.h; path = AppDelegate.h; sourceTree = "<group>"; };
		217EF9751E41744800BF3B68 /* AppDelegate.m */ = {isa = PBXFileReference; lastKnownFileType = sourcecode.c.objc; path = AppDelegate.m; sourceTree = "<group>"; };
		217EF9771E41744800BF3B68 /* ViewController.h */ = {isa = PBXFileReference; lastKnownFileType = sourcecode.c.h; path = ViewController.h; sourceTree = "<group>"; };
		217EF9781E41744800BF3B68 /* ViewController.m */ = {isa = PBXFileReference; lastKnownFileType = sourcecode.c.objc; path = ViewController.m; sourceTree = "<group>"; };
		217EF97B1E41744800BF3B68 /* Base */ = {isa = PBXFileReference; lastKnownFileType = file.storyboard; name = Base; path = Base.lproj/Main.storyboard; sourceTree = "<group>"; };
		217EF97D1E41744800BF3B68 /* Assets.xcassets */ = {isa = PBXFileReference; lastKnownFileType = folder.assetcatalog; path = Assets.xcassets; sourceTree = "<group>"; };
		217EF9801E41744800BF3B68 /* Base */ = {isa = PBXFileReference; lastKnownFileType = file.storyboard; name = Base; path = Base.lproj/LaunchScreen.storyboard; sourceTree = "<group>"; };
		217EF9821E41744800BF3B68 /* Info.plist */ = {isa = PBXFileReference; lastKnownFileType = text.plist.xml; path = Info.plist; sourceTree = "<group>"; };
		217EF9871E41744900BF3B68 /* 2-4-4Tests.xctest */ = {isa = PBXFileReference; explicitFileType = wrapper.cfbundle; includeInIndex = 0; path = "2-4-4Tests.xctest"; sourceTree = BUILT_PRODUCTS_DIR; };
		217EF98B1E41744900BF3B68 /* __4_4Tests.m */ = {isa = PBXFileReference; lastKnownFileType = sourcecode.c.objc; path = __4_4Tests.m; sourceTree = "<group>"; };
		217EF98D1E41744900BF3B68 /* Info.plist */ = {isa = PBXFileReference; lastKnownFileType = text.plist.xml; path = Info.plist; sourceTree = "<group>"; };
		217EF9921E41744900BF3B68 /* 2-4-4UITests.xctest */ = {isa = PBXFileReference; explicitFileType = wrapper.cfbundle; includeInIndex = 0; path = "2-4-4UITests.xctest"; sourceTree = BUILT_PRODUCTS_DIR; };
		217EF9961E41744900BF3B68 /* __4_4UITests.m */ = {isa = PBXFileReference; lastKnownFileType = sourcecode.c.objc; path = __4_4UITests.m; sourceTree = "<group>"; };
		217EF9981E41744900BF3B68 /* Info.plist */ = {isa = PBXFileReference; lastKnownFileType = text.plist.xml; path = Info.plist; sourceTree = "<group>"; };
		217EF9A41E4175CC00BF3B68 /* FMDbConect.h */ = {isa = PBXFileReference; fileEncoding = 4; lastKnownFileType = sourcecode.c.h; path = FMDbConect.h; sourceTree = "<group>"; };
		217EF9A51E4175CC00BF3B68 /* FMDbConect.m */ = {isa = PBXFileReference; fileEncoding = 4; lastKnownFileType = sourcecode.c.objc; path = FMDbConect.m; sourceTree = "<group>"; };
		43EF159FF345319306DDFF42 /* libPods-2-4-4Tests.a */ = {isa = PBXFileReference; explicitFileType = archive.ar; includeInIndex = 0; path = "libPods-2-4-4Tests.a"; sourceTree = BUILT_PRODUCTS_DIR; };
		54F499538915C120DF041D08 /* Pods-2-4-4UITests.debug.xcconfig */ = {isa = PBXFileReference; includeInIndex = 1; lastKnownFileType = text.xcconfig; name = "Pods-2-4-4UITests.debug.xcconfig"; path = "Pods/Target Support Files/Pods-2-4-4UITests/Pods-2-4-4UITests.debug.xcconfig"; sourceTree = "<group>"; };
		7B7C0FAB69A51CD77B3B775B /* Pods-2-4-4Tests.debug.xcconfig */ = {isa = PBXFileReference; includeInIndex = 1; lastKnownFileType = text.xcconfig; name = "Pods-2-4-4Tests.debug.xcconfig"; path = "Pods/Target Support Files/Pods-2-4-4Tests/Pods-2-4-4Tests.debug.xcconfig"; sourceTree = "<group>"; };
		802B9562BF93462DAE884242 /* Pods-2-4-4.debug.xcconfig */ = {isa = PBXFileReference; includeInIndex = 1; lastKnownFileType = text.xcconfig; name = "Pods-2-4-4.debug.xcconfig"; path = "Pods/Target Support Files/Pods-2-4-4/Pods-2-4-4.debug.xcconfig"; sourceTree = "<group>"; };
		C33E3D1C6C9F70864F04FDBB /* Pods-2-4-4UITests.release.xcconfig */ = {isa = PBXFileReference; includeInIndex = 1; lastKnownFileType = text.xcconfig; name = "Pods-2-4-4UITests.release.xcconfig"; path = "Pods/Target Support Files/Pods-2-4-4UITests/Pods-2-4-4UITests.release.xcconfig"; sourceTree = "<group>"; };
		D22F8A60FE495BE18F47933E /* libPods-2-4-4.a */ = {isa = PBXFileReference; explicitFileType = archive.ar; includeInIndex = 0; path = "libPods-2-4-4.a"; sourceTree = BUILT_PRODUCTS_DIR; };
		EDAA24892634D0954DE58A64 /* Pods-2-4-4.release.xcconfig */ = {isa = PBXFileReference; includeInIndex = 1; lastKnownFileType = text.xcconfig; name = "Pods-2-4-4.release.xcconfig"; path = "Pods/Target Support Files/Pods-2-4-4/Pods-2-4-4.release.xcconfig"; sourceTree = "<group>"; };
		F8A4DD71E06128DDF407B94F /* Pods-2-4-4Tests.release.xcconfig */ = {isa = PBXFileReference; includeInIndex = 1; lastKnownFileType = text.xcconfig; name = "Pods-2-4-4Tests.release.xcconfig"; path = "Pods/Target Support Files/Pods-2-4-4Tests/Pods-2-4-4Tests.release.xcconfig"; sourceTree = "<group>"; };
/* End PBXFileReference section */

/* Begin PBXFrameworksBuildPhase section */
		217EF96B1E41744800BF3B68 /* Frameworks */ = {
			isa = PBXFrameworksBuildPhase;
			buildActionMask = 2147483647;
			files = (
				8150C324055B4C96FED201CF /* libPods-2-4-4.a in Frameworks */,
			);
			runOnlyForDeploymentPostprocessing = 0;
		};
		217EF9841E41744900BF3B68 /* Frameworks */ = {
			isa = PBXFrameworksBuildPhase;
			buildActionMask = 2147483647;
			files = (
				07F20B404BA5A93C9D7EE941 /* libPods-2-4-4Tests.a in Frameworks */,
			);
			runOnlyForDeploymentPostprocessing = 0;
		};
		217EF98F1E41744900BF3B68 /* Frameworks */ = {
			isa = PBXFrameworksBuildPhase;
			buildActionMask = 2147483647;
			files = (
				7AC7CE71FA84A2A7AA568367 /* libPods-2-4-4UITests.a in Frameworks */,
			);
			runOnlyForDeploymentPostprocessing = 0;
		};
/* End PBXFrameworksBuildPhase section */

/* Begin PBXGroup section */
		217EF9651E41744800BF3B68 = {
			isa = PBXGroup;
			children = (
				217EF9701E41744800BF3B68 /* 2-4-4 */,
				217EF98A1E41744900BF3B68 /* 2-4-4Tests */,
				217EF9951E41744900BF3B68 /* 2-4-4UITests */,
				217EF96F1E41744800BF3B68 /* Products */,
				4C242C2EF710F98EB133086C /* Pods */,
				FDD39DBFBDB6C407D22885A7 /* Frameworks */,
			);
			sourceTree = "<group>";
		};
		217EF96F1E41744800BF3B68 /* Products */ = {
			isa = PBXGroup;
			children = (
				217EF96E1E41744800BF3B68 /* 2-4-4.app */,
				217EF9871E41744900BF3B68 /* 2-4-4Tests.xctest */,
				217EF9921E41744900BF3B68 /* 2-4-4UITests.xctest */,
			);
			name = Products;
			sourceTree = "<group>";
		};
		217EF9701E41744800BF3B68 /* 2-4-4 */ = {
			isa = PBXGroup;
			children = (
				217EF9A41E4175CC00BF3B68 /* FMDbConect.h */,
				217EF9A51E4175CC00BF3B68 /* FMDbConect.m */,
				217EF9741E41744800BF3B68 /* AppDelegate.h */,
				217EF9751E41744800BF3B68 /* AppDelegate.m */,
				217EF9771E41744800BF3B68 /* ViewController.h */,
				217EF9781E41744800BF3B68 /* ViewController.m */,
				217EF97A1E41744800BF3B68 /* Main.storyboard */,
				217EF97D1E41744800BF3B68 /* Assets.xcassets */,
				217EF97F1E41744800BF3B68 /* LaunchScreen.storyboard */,
				217EF9821E41744800BF3B68 /* Info.plist */,
				217EF9711E41744800BF3B68 /* Supporting Files */,
			);
			path = "2-4-4";
			sourceTree = "<group>";
		};
		217EF9711E41744800BF3B68 /* Supporting Files */ = {
			isa = PBXGroup;
			children = (
				217EF9721E41744800BF3B68 /* main.m */,
			);
			name = "Supporting Files";
			sourceTree = "<group>";
		};
		217EF98A1E41744900BF3B68 /* 2-4-4Tests */ = {
			isa = PBXGroup;
			children = (
				217EF98B1E41744900BF3B68 /* __4_4Tests.m */,
				217EF98D1E41744900BF3B68 /* Info.plist */,
			);
			path = "2-4-4Tests";
			sourceTree = "<group>";
		};
		217EF9951E41744900BF3B68 /* 2-4-4UITests */ = {
			isa = PBXGroup;
			children = (
				217EF9961E41744900BF3B68 /* __4_4UITests.m */,
				217EF9981E41744900BF3B68 /* Info.plist */,
			);
			path = "2-4-4UITests";
			sourceTree = "<group>";
		};
		4C242C2EF710F98EB133086C /* Pods */ = {
			isa = PBXGroup;
			children = (
				802B9562BF93462DAE884242 /* Pods-2-4-4.debug.xcconfig */,
				EDAA24892634D0954DE58A64 /* Pods-2-4-4.release.xcconfig */,
				7B7C0FAB69A51CD77B3B775B /* Pods-2-4-4Tests.debug.xcconfig */,
				F8A4DD71E06128DDF407B94F /* Pods-2-4-4Tests.release.xcconfig */,
				54F499538915C120DF041D08 /* Pods-2-4-4UITests.debug.xcconfig */,
				C33E3D1C6C9F70864F04FDBB /* Pods-2-4-4UITests.release.xcconfig */,
			);
			name = Pods;
			sourceTree = "<group>";
		};
		FDD39DBFBDB6C407D22885A7 /* Frameworks */ = {
			isa = PBXGroup;
			children = (
				D22F8A60FE495BE18F47933E /* libPods-2-4-4.a */,
				43EF159FF345319306DDFF42 /* libPods-2-4-4Tests.a */,
				11D88DBFB1016BA03F371C46 /* libPods-2-4-4UITests.a */,
			);
			name = Frameworks;
			sourceTree = "<group>";
		};
/* End PBXGroup section */

/* Begin PBXNativeTarget section */
		217EF96D1E41744800BF3B68 /* 2-4-4 */ = {
			isa = PBXNativeTarget;
			buildConfigurationList = 217EF99B1E41744900BF3B68 /* Build configuration list for PBXNativeTarget "2-4-4" */;
			buildPhases = (
				39347EA30FEEAB4CF53E584E /* [CP] Check Pods Manifest.lock */,
				217EF96A1E41744800BF3B68 /* Sources */,
				217EF96B1E41744800BF3B68 /* Frameworks */,
				217EF96C1E41744800BF3B68 /* Resources */,
				CAD91D0B4C97AF76C717175A /* [CP] Embed Pods Frameworks */,
				5EB2AB877F242898056CD73E /* [CP] Copy Pods Resources */,
			);
			buildRules = (
			);
			dependencies = (
			);
			name = "2-4-4";
			productName = "2-4-4";
			productReference = 217EF96E1E41744800BF3B68 /* 2-4-4.app */;
			productType = "com.apple.product-type.application";
		};
		217EF9861E41744900BF3B68 /* 2-4-4Tests */ = {
			isa = PBXNativeTarget;
			buildConfigurationList = 217EF99E1E41744900BF3B68 /* Build configuration list for PBXNativeTarget "2-4-4Tests" */;
			buildPhases = (
				5893964E6FF932302120CE31 /* [CP] Check Pods Manifest.lock */,
				217EF9831E41744900BF3B68 /* Sources */,
				217EF9841E41744900BF3B68 /* Frameworks */,
				217EF9851E41744900BF3B68 /* Resources */,
				5330AAA58FED6B1C4F39F0A4 /* [CP] Embed Pods Frameworks */,
				7082CAA0D61171ED923FD506 /* [CP] Copy Pods Resources */,
			);
			buildRules = (
			);
			dependencies = (
				217EF9891E41744900BF3B68 /* PBXTargetDependency */,
			);
			name = "2-4-4Tests";
			productName = "2-4-4Tests";
			productReference = 217EF9871E41744900BF3B68 /* 2-4-4Tests.xctest */;
			productType = "com.apple.product-type.bundle.unit-test";
		};
		217EF9911E41744900BF3B68 /* 2-4-4UITests */ = {
			isa = PBXNativeTarget;
			buildConfigurationList = 217EF9A11E41744900BF3B68 /* Build configuration list for PBXNativeTarget "2-4-4UITests" */;
			buildPhases = (
				D4B3327E1D46C506F3BE2AAD /* [CP] Check Pods Manifest.lock */,
				217EF98E1E41744900BF3B68 /* Sources */,
				217EF98F1E41744900BF3B68 /* Frameworks */,
				217EF9901E41744900BF3B68 /* Resources */,
				FA87E1050D465D5F937ED5B2 /* [CP] Embed Pods Frameworks */,
				0BF9901D3B8F44E41BB9A8F2 /* [CP] Copy Pods Resources */,
			);
			buildRules = (
			);
			dependencies = (
				217EF9941E41744900BF3B68 /* PBXTargetDependency */,
			);
			name = "2-4-4UITests";
			productName = "2-4-4UITests";
			productReference = 217EF9921E41744900BF3B68 /* 2-4-4UITests.xctest */;
			productType = "com.apple.product-type.bundle.ui-testing";
		};
/* End PBXNativeTarget section */

/* Begin PBXProject section */
		217EF9661E41744800BF3B68 /* Project object */ = {
			isa = PBXProject;
			attributes = {
				LastUpgradeCheck = 0730;
				ORGANIZATIONNAME = "林俊太朗";
				TargetAttributes = {
					217EF96D1E41744800BF3B68 = {
						CreatedOnToolsVersion = 7.3.1;
					};
					217EF9861E41744900BF3B68 = {
						CreatedOnToolsVersion = 7.3.1;
						TestTargetID = 217EF96D1E41744800BF3B68;
					};
					217EF9911E41744900BF3B68 = {
						CreatedOnToolsVersion = 7.3.1;
						TestTargetID = 217EF96D1E41744800BF3B68;
					};
				};
			};
			buildConfigurationList = 217EF9691E41744800BF3B68 /* Build configuration list for PBXProject "2-4-4" */;
			compatibilityVersion = "Xcode 3.2";
			developmentRegion = English;
			hasScannedForEncodings = 0;
			knownRegions = (
				en,
				Base,
			);
			mainGroup = 217EF9651E41744800BF3B68;
			productRefGroup = 217EF96F1E41744800BF3B68 /* Products */;
			projectDirPath = "";
			projectRoot = "";
			targets = (
				217EF96D1E41744800BF3B68 /* 2-4-4 */,
				217EF9861E41744900BF3B68 /* 2-4-4Tests */,
				217EF9911E41744900BF3B68 /* 2-4-4UITests */,
			);
		};
/* End PBXProject section */

/* Begin PBXResourcesBuildPhase section */
		217EF96C1E41744800BF3B68 /* Resources */ = {
			isa = PBXResourcesBuildPhase;
			buildActionMask = 2147483647;
			files = (
				217EF9811E41744800BF3B68 /* LaunchScreen.storyboard in Resources */,
				217EF97E1E41744800BF3B68 /* Assets.xcassets in Resources */,
				217EF97C1E41744800BF3B68 /* Main.storyboard in Resources */,
			);
			runOnlyForDeploymentPostprocessing = 0;
		};
		217EF9851E41744900BF3B68 /* Resources */ = {
			isa = PBXResourcesBuildPhase;
			buildActionMask = 2147483647;
			files = (
			);
			runOnlyForDeploymentPostprocessing = 0;
		};
		217EF9901E41744900BF3B68 /* Resources */ = {
			isa = PBXResourcesBuildPhase;
			buildActionMask = 2147483647;
			files = (
			);
			runOnlyForDeploymentPostprocessing = 0;
		};
/* End PBXResourcesBuildPhase section */

/* Begin PBXShellScriptBuildPhase section */
		0BF9901D3B8F44E41BB9A8F2 /* [CP] Copy Pods Resources */ = {
			isa = PBXShellScriptBuildPhase;
			buildActionMask = 2147483647;
			files = (
			);
			inputPaths = (
			);
			name = "[CP] Copy Pods Resources";
			outputPaths = (
			);
			runOnlyForDeploymentPostprocessing = 0;
			shellPath = /bin/sh;
			shellScript = "\"${SRCROOT}/Pods/Target Support Files/Pods-2-4-4UITests/Pods-2-4-4UITests-resources.sh\"\n";
			showEnvVarsInLog = 0;
		};
		39347EA30FEEAB4CF53E584E /* [CP] Check Pods Manifest.lock */ = {
			isa = PBXShellScriptBuildPhase;
			buildActionMask = 2147483647;
			files = (
			);
			inputPaths = (
			);
			name = "[CP] Check Pods Manifest.lock";
			outputPaths = (
			);
			runOnlyForDeploymentPostprocessing = 0;
			shellPath = /bin/sh;
			shellScript = "diff \"${PODS_ROOT}/../Podfile.lock\" \"${PODS_ROOT}/Manifest.lock\" > /dev/null\nif [ $? != 0 ] ; then\n    # print error to STDERR\n    echo \"error: The sandbox is not in sync with the Podfile.lock. Run 'pod install' or update your CocoaPods installation.\" >&2\n    exit 1\nfi\n";
			showEnvVarsInLog = 0;
		};
		5330AAA58FED6B1C4F39F0A4 /* [CP] Embed Pods Frameworks */ = {
			isa = PBXShellScriptBuildPhase;
			buildActionMask = 2147483647;
			files = (
			);
			inputPaths = (
			);
			name = "[CP] Embed Pods Frameworks";
			outputPaths = (
			);
			runOnlyForDeploymentPostprocessing = 0;
			shellPath = /bin/sh;
			shellScript = "\"${SRCROOT}/Pods/Target Support Files/Pods-2-4-4Tests/Pods-2-4-4Tests-frameworks.sh\"\n";
			showEnvVarsInLog = 0;
		};
		5893964E6FF932302120CE31 /* [CP] Check Pods Manifest.lock */ = {
			isa = PBXShellScriptBuildPhase;
			buildActionMask = 2147483647;
			files = (
			);
			inputPaths = (
			);
			name = "[CP] Check Pods Manifest.lock";
			outputPaths = (
			);
			runOnlyForDeploymentPostprocessing = 0;
			shellPath = /bin/sh;
			shellScript = "diff \"${PODS_ROOT}/../Podfile.lock\" \"${PODS_ROOT}/Manifest.lock\" > /dev/null\nif [ $? != 0 ] ; then\n    # print error to STDERR\n    echo \"error: The sandbox is not in sync with the Podfile.lock. Run 'pod install' or update your CocoaPods installation.\" >&2\n    exit 1\nfi\n";
			showEnvVarsInLog = 0;
		};
		5EB2AB877F242898056CD73E /* [CP] Copy Pods Resources */ = {
			isa = PBXShellScriptBuildPhase;
			buildActionMask = 2147483647;
			files = (
			);
			inputPaths = (
			);
			name = "[CP] Copy Pods Resources";
			outputPaths = (
			);
			runOnlyForDeploymentPostprocessing = 0;
			shellPath = /bin/sh;
			shellScript = "\"${SRCROOT}/Pods/Target Support Files/Pods-2-4-4/Pods-2-4-4-resources.sh\"\n";
			showEnvVarsInLog = 0;
		};
		7082CAA0D61171ED923FD506 /* [CP] Copy Pods Resources */ = {
			isa = PBXShellScriptBuildPhase;
			buildActionMask = 2147483647;
			files = (
			);
			inputPaths = (
			);
			name = "[CP] Copy Pods Resources";
			outputPaths = (
			);
			runOnlyForDeploymentPostprocessing = 0;
			shellPath = /bin/sh;
			shellScript = "\"${SRCROOT}/Pods/Target Support Files/Pods-2-4-4Tests/Pods-2-4-4Tests-resources.sh\"\n";
			showEnvVarsInLog = 0;
		};
		CAD91D0B4C97AF76C717175A /* [CP] Embed Pods Frameworks */ = {
			isa = PBXShellScriptBuildPhase;
			buildActionMask = 2147483647;
			files = (
			);
			inputPaths = (
			);
			name = "[CP] Embed Pods Frameworks";
			outputPaths = (
			);
			runOnlyForDeploymentPostprocessing = 0;
			shellPath = /bin/sh;
			shellScript = "\"${SRCROOT}/Pods/Target Support Files/Pods-2-4-4/Pods-2-4-4-frameworks.sh\"\n";
			showEnvVarsInLog = 0;
		};
		D4B3327E1D46C506F3BE2AAD /* [CP] Check Pods Manifest.lock */ = {
			isa = PBXShellScriptBuildPhase;
			buildActionMask = 2147483647;
			files = (
			);
			inputPaths = (
			);
			name = "[CP] Check Pods Manifest.lock";
			outputPaths = (
			);
			runOnlyForDeploymentPostprocessing = 0;
			shellPath = /bin/sh;
			shellScript = "diff \"${PODS_ROOT}/../Podfile.lock\" \"${PODS_ROOT}/Manifest.lock\" > /dev/null\nif [ $? != 0 ] ; then\n    # print error to STDERR\n    echo \"error: The sandbox is not in sync with the Podfile.lock. Run 'pod install' or update your CocoaPods installation.\" >&2\n    exit 1\nfi\n";
			showEnvVarsInLog = 0;
		};
		FA87E1050D465D5F937ED5B2 /* [CP] Embed Pods Frameworks */ = {
			isa = PBXShellScriptBuildPhase;
			buildActionMask = 2147483647;
			files = (
			);
			inputPaths = (
			);
			name = "[CP] Embed Pods Frameworks";
			outputPaths = (
			);
			runOnlyForDeploymentPostprocessing = 0;
			shellPath = /bin/sh;
			shellScript = "\"${SRCROOT}/Pods/Target Support Files/Pods-2-4-4UITests/Pods-2-4-4UITests-frameworks.sh\"\n";
			showEnvVarsInLog = 0;
		};
/* End PBXShellScriptBuildPhase section */

/* Begin PBXSourcesBuildPhase section */
		217EF96A1E41744800BF3B68 /* Sources */ = {
			isa = PBXSourcesBuildPhase;
			buildActionMask = 2147483647;
			files = (
				217EF9A61E4175CC00BF3B68 /* FMDbConect.m in Sources */,
				217EF9791E41744800BF3B68 /* ViewController.m in Sources */,
				217EF9761E41744800BF3B68 /* AppDelegate.m in Sources */,
				217EF9731E41744800BF3B68 /* main.m in Sources */,
			);
			runOnlyForDeploymentPostprocessing = 0;
		};
		217EF9831E41744900BF3B68 /* Sources */ = {
			isa = PBXSourcesBuildPhase;
			buildActionMask = 2147483647;
			files = (
				217EF98C1E41744900BF3B68 /* __4_4Tests.m in Sources */,
			);
			runOnlyForDeploymentPostprocessing = 0;
		};
		217EF98E1E41744900BF3B68 /* Sources */ = {
			isa = PBXSourcesBuildPhase;
			buildActionMask = 2147483647;
			files = (
				217EF9971E41744900BF3B68 /* __4_4UITests.m in Sources */,
			);
			runOnlyForDeploymentPostprocessing = 0;
		};
/* End PBXSourcesBuildPhase section */

/* Begin PBXTargetDependency section */
		217EF9891E41744900BF3B68 /* PBXTargetDependency */ = {
			isa = PBXTargetDependency;
			target = 217EF96D1E41744800BF3B68 /* 2-4-4 */;
			targetProxy = 217EF9881E41744900BF3B68 /* PBXContainerItemProxy */;
		};
		217EF9941E41744900BF3B68 /* PBXTargetDependency */ = {
			isa = PBXTargetDependency;
			target = 217EF96D1E41744800BF3B68 /* 2-4-4 */;
			targetProxy = 217EF9931E41744900BF3B68 /* PBXContainerItemProxy */;
		};
/* End PBXTargetDependency section */

/* Begin PBXVariantGroup section */
		217EF97A1E41744800BF3B68 /* Main.storyboard */ = {
			isa = PBXVariantGroup;
			children = (
				217EF97B1E41744800BF3B68 /* Base */,
			);
			name = Main.storyboard;
			sourceTree = "<group>";
		};
		217EF97F1E41744800BF3B68 /* LaunchScreen.storyboard */ = {
			isa = PBXVariantGroup;
			children = (
				217EF9801E41744800BF3B68 /* Base */,
			);
			name = LaunchScreen.storyboard;
			sourceTree = "<group>";
		};
/* End PBXVariantGroup section */

/* Begin XCBuildConfiguration section */
		217EF9991E41744900BF3B68 /* Debug */ = {
			isa = XCBuildConfiguration;
			buildSettings = {
				ALWAYS_SEARCH_USER_PATHS = NO;
				CLANG_ANALYZER_NONNULL = YES;
				CLANG_CXX_LANGUAGE_STANDARD = "gnu++0x";
				CLANG_CXX_LIBRARY = "libc++";
				CLANG_ENABLE_MODULES = YES;
				CLANG_ENABLE_OBJC_ARC = YES;
				CLANG_WARN_BOOL_CONVERSION = YES;
				CLANG_WARN_CONSTANT_CONVERSION = YES;
				CLANG_WARN_DIRECT_OBJC_ISA_USAGE = YES_ERROR;
				CLANG_WARN_EMPTY_BODY = YES;
				CLANG_WARN_ENUM_CONVERSION = YES;
				CLANG_WARN_INT_CONVERSION = YES;
				CLANG_WARN_OBJC_ROOT_CLASS = YES_ERROR;
				CLANG_WARN_UNREACHABLE_CODE = YES;
				CLANG_WARN__DUPLICATE_METHOD_MATCH = YES;
				"CODE_SIGN_IDENTITY[sdk=iphoneos*]" = "iPhone Developer";
				COPY_PHASE_STRIP = NO;
				DEBUG_INFORMATION_FORMAT = dwarf;
				ENABLE_STRICT_OBJC_MSGSEND = YES;
				ENABLE_TESTABILITY = YES;
				GCC_C_LANGUAGE_STANDARD = gnu99;
				GCC_DYNAMIC_NO_PIC = NO;
				GCC_NO_COMMON_BLOCKS = YES;
				GCC_OPTIMIZATION_LEVEL = 0;
				GCC_PREPROCESSOR_DEFINITIONS = (
					"DEBUG=1",
					"$(inherited)",
				);
				GCC_WARN_64_TO_32_BIT_CONVERSION = YES;
				GCC_WARN_ABOUT_RETURN_TYPE = YES_ERROR;
				GCC_WARN_UNDECLARED_SELECTOR = YES;
				GCC_WARN_UNINITIALIZED_AUTOS = YES_AGGRESSIVE;
				GCC_WARN_UNUSED_FUNCTION = YES;
				GCC_WARN_UNUSED_VARIABLE = YES;
				IPHONEOS_DEPLOYMENT_TARGET = 9.3;
				MTL_ENABLE_DEBUG_INFO = YES;
				ONLY_ACTIVE_ARCH = YES;
				SDKROOT = iphoneos;
				TARGETED_DEVICE_FAMILY = "1,2";
			};
			name = Debug;
		};
		217EF99A1E41744900BF3B68 /* Release */ = {
			isa = XCBuildConfiguration;
			buildSettings = {
				ALWAYS_SEARCH_USER_PATHS = NO;
				CLANG_ANALYZER_NONNULL = YES;
				CLANG_CXX_LANGUAGE_STANDARD = "gnu++0x";
				CLANG_CXX_LIBRARY = "libc++";
				CLANG_ENABLE_MODULES = YES;
				CLANG_ENABLE_OBJC_ARC = YES;
				CLANG_WARN_BOOL_CONVERSION = YES;
				CLANG_WARN_CONSTANT_CONVERSION = YES;
				CLANG_WARN_DIRECT_OBJC_ISA_USAGE = YES_ERROR;
				CLANG_WARN_EMPTY_BODY = YES;
				CLANG_WARN_ENUM_CONVERSION = YES;
				CLANG_WARN_INT_CONVERSION = YES;
				CLANG_WARN_OBJC_ROOT_CLASS = YES_ERROR;
				CLANG_WARN_UNREACHABLE_CODE = YES;
				CLANG_WARN__DUPLICATE_METHOD_MATCH = YES;
				"CODE_SIGN_IDENTITY[sdk=iphoneos*]" = "iPhone Developer";
				COPY_PHASE_STRIP = NO;
				DEBUG_INFORMATION_FORMAT = "dwarf-with-dsym";
				ENABLE_NS_ASSERTIONS = NO;
				ENABLE_STRICT_OBJC_MSGSEND = YES;
				GCC_C_LANGUAGE_STANDARD = gnu99;
				GCC_NO_COMMON_BLOCKS = YES;
				GCC_WARN_64_TO_32_BIT_CONVERSION = YES;
				GCC_WARN_ABOUT_RETURN_TYPE = YES_ERROR;
				GCC_WARN_UNDECLARED_SELECTOR = YES;
				GCC_WARN_UNINITIALIZED_AUTOS = YES_AGGRESSIVE;
				GCC_WARN_UNUSED_FUNCTION = YES;
				GCC_WARN_UNUSED_VARIABLE = YES;
				IPHONEOS_DEPLOYMENT_TARGET = 9.3;
				MTL_ENABLE_DEBUG_INFO = NO;
				SDKROOT = iphoneos;
				TARGETED_DEVICE_FAMILY = "1,2";
				VALIDATE_PRODUCT = YES;
			};
			name = Release;
		};
		217EF99C1E41744900BF3B68 /* Debug */ = {
			isa = XCBuildConfiguration;
			baseConfigurationReference = 802B9562BF93462DAE884242 /* Pods-2-4-4.debug.xcconfig */;
			buildSettings = {
				ASSETCATALOG_COMPILER_APPICON_NAME = AppIcon;
				INFOPLIST_FILE = "2-4-4/Info.plist";
				LD_RUNPATH_SEARCH_PATHS = "$(inherited) @executable_path/Frameworks";
				PRODUCT_BUNDLE_IDENTIFIER = "test.--4-4";
				PRODUCT_NAME = "$(TARGET_NAME)";
			};
			name = Debug;
		};
		217EF99D1E41744900BF3B68 /* Release */ = {
			isa = XCBuildConfiguration;
			baseConfigurationReference = EDAA24892634D0954DE58A64 /* Pods-2-4-4.release.xcconfig */;
			buildSettings = {
				ASSETCATALOG_COMPILER_APPICON_NAME = AppIcon;
				INFOPLIST_FILE = "2-4-4/Info.plist";
				LD_RUNPATH_SEARCH_PATHS = "$(inherited) @executable_path/Frameworks";
				PRODUCT_BUNDLE_IDENTIFIER = "test.--4-4";
				PRODUCT_NAME = "$(TARGET_NAME)";
			};
			name = Release;
		};
		217EF99F1E41744900BF3B68 /* Debug */ = {
			isa = XCBuildConfiguration;
			baseConfigurationReference = 7B7C0FAB69A51CD77B3B775B /* Pods-2-4-4Tests.debug.xcconfig */;
			buildSettings = {
				BUNDLE_LOADER = "$(TEST_HOST)";
				INFOPLIST_FILE = "2-4-4Tests/Info.plist";
				LD_RUNPATH_SEARCH_PATHS = "$(inherited) @executable_path/Frameworks @loader_path/Frameworks";
				PRODUCT_BUNDLE_IDENTIFIER = "test.--4-4Tests";
				PRODUCT_NAME = "$(TARGET_NAME)";
				TEST_HOST = "$(BUILT_PRODUCTS_DIR)/2-4-4.app/2-4-4";
			};
			name = Debug;
		};
		217EF9A01E41744900BF3B68 /* Release */ = {
			isa = XCBuildConfiguration;
			baseConfigurationReference = F8A4DD71E06128DDF407B94F /* Pods-2-4-4Tests.release.xcconfig */;
			buildSettings = {
				BUNDLE_LOADER = "$(TEST_HOST)";
				INFOPLIST_FILE = "2-4-4Tests/Info.plist";
				LD_RUNPATH_SEARCH_PATHS = "$(inherited) @executable_path/Frameworks @loader_path/Frameworks";
				PRODUCT_BUNDLE_IDENTIFIER = "test.--4-4Tests";
				PRODUCT_NAME = "$(TARGET_NAME)";
				TEST_HOST = "$(BUILT_PRODUCTS_DIR)/2-4-4.app/2-4-4";
			};
			name = Release;
		};
		217EF9A21E41744900BF3B68 /* Debug */ = {
			isa = XCBuildConfiguration;
			baseConfigurationReference = 54F499538915C120DF041D08 /* Pods-2-4-4UITests.debug.xcconfig */;
			buildSettings = {
				INFOPLIST_FILE = "2-4-4UITests/Info.plist";
				LD_RUNPATH_SEARCH_PATHS = "$(inherited) @executable_path/Frameworks @loader_path/Frameworks";
				PRODUCT_BUNDLE_IDENTIFIER = "test.--4-4UITests";
				PRODUCT_NAME = "$(TARGET_NAME)";
				TEST_TARGET_NAME = "2-4-4";
			};
			name = Debug;
		};
		217EF9A31E41744900BF3B68 /* Release */ = {
			isa = XCBuildConfiguration;
			baseConfigurationReference = C33E3D1C6C9F70864F04FDBB /* Pods-2-4-4UITests.release.xcconfig */;
			buildSettings = {
				INFOPLIST_FILE = "2-4-4UITests/Info.plist";
				LD_RUNPATH_SEARCH_PATHS = "$(inherited) @executable_path/Frameworks @loader_path/Frameworks";
				PRODUCT_BUNDLE_IDENTIFIER = "test.--4-4UITests";
				PRODUCT_NAME = "$(TARGET_NAME)";
				TEST_TARGET_NAME = "2-4-4";
			};
			name = Release;
		};
/* End XCBuildConfiguration section */

/* Begin XCConfigurationList section */
		217EF9691E41744800BF3B68 /* Build configuration list for PBXProject "2-4-4" */ = {
			isa = XCConfigurationList;
			buildConfigurations = (
				217EF9991E41744900BF3B68 /* Debug */,
				217EF99A1E41744900BF3B68 /* Release */,
			);
			defaultConfigurationIsVisible = 0;
			defaultConfigurationName = Release;
		};
		217EF99B1E41744900BF3B68 /* Build configuration list for PBXNativeTarget "2-4-4" */ = {
			isa = XCConfigurationList;
			buildConfigurations = (
				217EF99C1E41744900BF3B68 /* Debug */,
				217EF99D1E41744900BF3B68 /* Release */,
			);
			defaultConfigurationIsVisible = 0;
			defaultConfigurationName = Release;
		};
		217EF99E1E41744900BF3B68 /* Build configuration list for PBXNativeTarget "2-4-4Tests" */ = {
			isa = XCConfigurationList;
			buildConfigurations = (
				217EF99F1E41744900BF3B68 /* Debug */,
				217EF9A01E41744900BF3B68 /* Release */,
			);
			defaultConfigurationIsVisible = 0;
			defaultConfigurationName = Release;
		};
		217EF9A11E41744900BF3B68 /* Build configuration list for PBXNativeTarget "2-4-4UITests" */ = {
			isa = XCConfigurationList;
			buildConfigurations = (
				217EF9A21E41744900BF3B68 /* Debug */,
				217EF9A31E41744900BF3B68 /* Release */,
			);
			defaultConfigurationIsVisible = 0;
			defaultConfigurationName = Release;
		};
/* End XCConfigurationList section */
	};
	rootObject = 217EF9661E41744800BF3B68 /* Project object */;
}
