// !$*UTF8*$!
{
	archiveVersion = 1;
	classes = {
	};
	objectVersion = 46;
	objects = {

/* Begin PBXBuildFile section */
		71EBD9371E0A1BDD00FB1F7F /* main.m in Sources */ = {isa = PBXBuildFile; fileRef = 71EBD9361E0A1BDD00FB1F7F /* main.m */; };
		71EBD93A1E0A1BDD00FB1F7F /* AppDelegate.m in Sources */ = {isa = PBXBuildFile; fileRef = 71EBD9391E0A1BDD00FB1F7F /* AppDelegate.m */; };
		71EBD93D1E0A1BDD00FB1F7F /* ViewController.m in Sources */ = {isa = PBXBuildFile; fileRef = 71EBD93C1E0A1BDD00FB1F7F /* ViewController.m */; };
		71EBD9401E0A1BDD00FB1F7F /* Main.storyboard in Resources */ = {isa = PBXBuildFile; fileRef = 71EBD93E1E0A1BDD00FB1F7F /* Main.storyboard */; };
		71EBD9421E0A1BDD00FB1F7F /* Assets.xcassets in Resources */ = {isa = PBXBuildFile; fileRef = 71EBD9411E0A1BDD00FB1F7F /* Assets.xcassets */; };
		71EBD9451E0A1BDD00FB1F7F /* LaunchScreen.storyboard in Resources */ = {isa = PBXBuildFile; fileRef = 71EBD9431E0A1BDD00FB1F7F /* LaunchScreen.storyboard */; };
		71EBD9501E0A1BDD00FB1F7F /* __1_2Tests.m in Sources */ = {isa = PBXBuildFile; fileRef = 71EBD94F1E0A1BDD00FB1F7F /* __1_2Tests.m */; };
		71EBD95B1E0A1BDE00FB1F7F /* __1_2UITests.m in Sources */ = {isa = PBXBuildFile; fileRef = 71EBD95A1E0A1BDE00FB1F7F /* __1_2UITests.m */; };
		71EBD96B1E0A1C9C00FB1F7F /* Images.xcassets in Resources */ = {isa = PBXBuildFile; fileRef = 71EBD96A1E0A1C9C00FB1F7F /* Images.xcassets */; };
/* End PBXBuildFile section */

/* Begin PBXContainerItemProxy section */
		71EBD94C1E0A1BDD00FB1F7F /* PBXContainerItemProxy */ = {
			isa = PBXContainerItemProxy;
			containerPortal = 71EBD92A1E0A1BDD00FB1F7F /* Project object */;
			proxyType = 1;
			remoteGlobalIDString = 71EBD9311E0A1BDD00FB1F7F;
			remoteInfo = "2-1-2";
		};
		71EBD9571E0A1BDD00FB1F7F /* PBXContainerItemProxy */ = {
			isa = PBXContainerItemProxy;
			containerPortal = 71EBD92A1E0A1BDD00FB1F7F /* Project object */;
			proxyType = 1;
			remoteGlobalIDString = 71EBD9311E0A1BDD00FB1F7F;
			remoteInfo = "2-1-2";
		};
/* End PBXContainerItemProxy section */

/* Begin PBXFileReference section */
		71EBD9321E0A1BDD00FB1F7F /* 2-1-2.app */ = {isa = PBXFileReference; explicitFileType = wrapper.application; includeInIndex = 0; path = "2-1-2.app"; sourceTree = BUILT_PRODUCTS_DIR; };
		71EBD9361E0A1BDD00FB1F7F /* main.m */ = {isa = PBXFileReference; lastKnownFileType = sourcecode.c.objc; path = main.m; sourceTree = "<group>"; };
		71EBD9381E0A1BDD00FB1F7F /* AppDelegate.h */ = {isa = PBXFileReference; lastKnownFileType = sourcecode.c.h; path = AppDelegate.h; sourceTree = "<group>"; };
		71EBD9391E0A1BDD00FB1F7F /* AppDelegate.m */ = {isa = PBXFileReference; lastKnownFileType = sourcecode.c.objc; path = AppDelegate.m; sourceTree = "<group>"; };
		71EBD93B1E0A1BDD00FB1F7F /* ViewController.h */ = {isa = PBXFileReference; lastKnownFileType = sourcecode.c.h; path = ViewController.h; sourceTree = "<group>"; };
		71EBD93C1E0A1BDD00FB1F7F /* ViewController.m */ = {isa = PBXFileReference; lastKnownFileType = sourcecode.c.objc; path = ViewController.m; sourceTree = "<group>"; };
		71EBD93F1E0A1BDD00FB1F7F /* Base */ = {isa = PBXFileReference; lastKnownFileType = file.storyboard; name = Base; path = Base.lproj/Main.storyboard; sourceTree = "<group>"; };
		71EBD9411E0A1BDD00FB1F7F /* Assets.xcassets */ = {isa = PBXFileReference; lastKnownFileType = folder.assetcatalog; path = Assets.xcassets; sourceTree = "<group>"; };
		71EBD9441E0A1BDD00FB1F7F /* Base */ = {isa = PBXFileReference; lastKnownFileType = file.storyboard; name = Base; path = Base.lproj/LaunchScreen.storyboard; sourceTree = "<group>"; };
		71EBD9461E0A1BDD00FB1F7F /* Info.plist */ = {isa = PBXFileReference; lastKnownFileType = text.plist.xml; path = Info.plist; sourceTree = "<group>"; };
		71EBD94B1E0A1BDD00FB1F7F /* 2-1-2Tests.xctest */ = {isa = PBXFileReference; explicitFileType = wrapper.cfbundle; includeInIndex = 0; path = "2-1-2Tests.xctest"; sourceTree = BUILT_PRODUCTS_DIR; };
		71EBD94F1E0A1BDD00FB1F7F /* __1_2Tests.m */ = {isa = PBXFileReference; lastKnownFileType = sourcecode.c.objc; path = __1_2Tests.m; sourceTree = "<group>"; };
		71EBD9511E0A1BDD00FB1F7F /* Info.plist */ = {isa = PBXFileReference; lastKnownFileType = text.plist.xml; path = Info.plist; sourceTree = "<group>"; };
		71EBD9561E0A1BDD00FB1F7F /* 2-1-2UITests.xctest */ = {isa = PBXFileReference; explicitFileType = wrapper.cfbundle; includeInIndex = 0; path = "2-1-2UITests.xctest"; sourceTree = BUILT_PRODUCTS_DIR; };
		71EBD95A1E0A1BDE00FB1F7F /* __1_2UITests.m */ = {isa = PBXFileReference; lastKnownFileType = sourcecode.c.objc; path = __1_2UITests.m; sourceTree = "<group>"; };
		71EBD95C1E0A1BDE00FB1F7F /* Info.plist */ = {isa = PBXFileReference; lastKnownFileType = text.plist.xml; path = Info.plist; sourceTree = "<group>"; };
		71EBD96A1E0A1C9C00FB1F7F /* Images.xcassets */ = {isa = PBXFileReference; lastKnownFileType = folder.assetcatalog; path = Images.xcassets; sourceTree = "<group>"; };
/* End PBXFileReference section */

/* Begin PBXFrameworksBuildPhase section */
		71EBD92F1E0A1BDD00FB1F7F /* Frameworks */ = {
			isa = PBXFrameworksBuildPhase;
			buildActionMask = 2147483647;
			files = (
			);
			runOnlyForDeploymentPostprocessing = 0;
		};
		71EBD9481E0A1BDD00FB1F7F /* Frameworks */ = {
			isa = PBXFrameworksBuildPhase;
			buildActionMask = 2147483647;
			files = (
			);
			runOnlyForDeploymentPostprocessing = 0;
		};
		71EBD9531E0A1BDD00FB1F7F /* Frameworks */ = {
			isa = PBXFrameworksBuildPhase;
			buildActionMask = 2147483647;
			files = (
			);
			runOnlyForDeploymentPostprocessing = 0;
		};
/* End PBXFrameworksBuildPhase section */

/* Begin PBXGroup section */
		71EBD9291E0A1BDD00FB1F7F = {
			isa = PBXGroup;
			children = (
				71EBD9341E0A1BDD00FB1F7F /* 2-1-2 */,
				71EBD94E1E0A1BDD00FB1F7F /* 2-1-2Tests */,
				71EBD9591E0A1BDD00FB1F7F /* 2-1-2UITests */,
				71EBD9331E0A1BDD00FB1F7F /* Products */,
			);
			sourceTree = "<group>";
		};
		71EBD9331E0A1BDD00FB1F7F /* Products */ = {
			isa = PBXGroup;
			children = (
				71EBD9321E0A1BDD00FB1F7F /* 2-1-2.app */,
				71EBD94B1E0A1BDD00FB1F7F /* 2-1-2Tests.xctest */,
				71EBD9561E0A1BDD00FB1F7F /* 2-1-2UITests.xctest */,
			);
			name = Products;
			sourceTree = "<group>";
		};
		71EBD9341E0A1BDD00FB1F7F /* 2-1-2 */ = {
			isa = PBXGroup;
			children = (
				71EBD9381E0A1BDD00FB1F7F /* AppDelegate.h */,
				71EBD9391E0A1BDD00FB1F7F /* AppDelegate.m */,
				71EBD93B1E0A1BDD00FB1F7F /* ViewController.h */,
				71EBD93C1E0A1BDD00FB1F7F /* ViewController.m */,
				71EBD93E1E0A1BDD00FB1F7F /* Main.storyboard */,
				71EBD96A1E0A1C9C00FB1F7F /* Images.xcassets */,
				71EBD9411E0A1BDD00FB1F7F /* Assets.xcassets */,
				71EBD9431E0A1BDD00FB1F7F /* LaunchScreen.storyboard */,
				71EBD9461E0A1BDD00FB1F7F /* Info.plist */,
				71EBD9351E0A1BDD00FB1F7F /* Supporting Files */,
			);
			path = "2-1-2";
			sourceTree = "<group>";
		};
		71EBD9351E0A1BDD00FB1F7F /* Supporting Files */ = {
			isa = PBXGroup;
			children = (
				71EBD9361E0A1BDD00FB1F7F /* main.m */,
			);
			name = "Supporting Files";
			sourceTree = "<group>";
		};
		71EBD94E1E0A1BDD00FB1F7F /* 2-1-2Tests */ = {
			isa = PBXGroup;
			children = (
				71EBD94F1E0A1BDD00FB1F7F /* __1_2Tests.m */,
				71EBD9511E0A1BDD00FB1F7F /* Info.plist */,
			);
			path = "2-1-2Tests";
			sourceTree = "<group>";
		};
		71EBD9591E0A1BDD00FB1F7F /* 2-1-2UITests */ = {
			isa = PBXGroup;
			children = (
				71EBD95A1E0A1BDE00FB1F7F /* __1_2UITests.m */,
				71EBD95C1E0A1BDE00FB1F7F /* Info.plist */,
			);
			path = "2-1-2UITests";
			sourceTree = "<group>";
		};
/* End PBXGroup section */

/* Begin PBXNativeTarget section */
		71EBD9311E0A1BDD00FB1F7F /* 2-1-2 */ = {
			isa = PBXNativeTarget;
			buildConfigurationList = 71EBD95F1E0A1BDE00FB1F7F /* Build configuration list for PBXNativeTarget "2-1-2" */;
			buildPhases = (
				71EBD92E1E0A1BDD00FB1F7F /* Sources */,
				71EBD92F1E0A1BDD00FB1F7F /* Frameworks */,
				71EBD9301E0A1BDD00FB1F7F /* Resources */,
			);
			buildRules = (
			);
			dependencies = (
			);
			name = "2-1-2";
			productName = "2-1-2";
			productReference = 71EBD9321E0A1BDD00FB1F7F /* 2-1-2.app */;
			productType = "com.apple.product-type.application";
		};
		71EBD94A1E0A1BDD00FB1F7F /* 2-1-2Tests */ = {
			isa = PBXNativeTarget;
			buildConfigurationList = 71EBD9621E0A1BDE00FB1F7F /* Build configuration list for PBXNativeTarget "2-1-2Tests" */;
			buildPhases = (
				71EBD9471E0A1BDD00FB1F7F /* Sources */,
				71EBD9481E0A1BDD00FB1F7F /* Frameworks */,
				71EBD9491E0A1BDD00FB1F7F /* Resources */,
			);
			buildRules = (
			);
			dependencies = (
				71EBD94D1E0A1BDD00FB1F7F /* PBXTargetDependency */,
			);
			name = "2-1-2Tests";
			productName = "2-1-2Tests";
			productReference = 71EBD94B1E0A1BDD00FB1F7F /* 2-1-2Tests.xctest */;
			productType = "com.apple.product-type.bundle.unit-test";
		};
		71EBD9551E0A1BDD00FB1F7F /* 2-1-2UITests */ = {
			isa = PBXNativeTarget;
			buildConfigurationList = 71EBD9651E0A1BDE00FB1F7F /* Build configuration list for PBXNativeTarget "2-1-2UITests" */;
			buildPhases = (
				71EBD9521E0A1BDD00FB1F7F /* Sources */,
				71EBD9531E0A1BDD00FB1F7F /* Frameworks */,
				71EBD9541E0A1BDD00FB1F7F /* Resources */,
			);
			buildRules = (
			);
			dependencies = (
				71EBD9581E0A1BDD00FB1F7F /* PBXTargetDependency */,
			);
			name = "2-1-2UITests";
			productName = "2-1-2UITests";
			productReference = 71EBD9561E0A1BDD00FB1F7F /* 2-1-2UITests.xctest */;
			productType = "com.apple.product-type.bundle.ui-testing";
		};
/* End PBXNativeTarget section */

/* Begin PBXProject section */
		71EBD92A1E0A1BDD00FB1F7F /* Project object */ = {
			isa = PBXProject;
			attributes = {
				LastUpgradeCheck = 0730;
				ORGANIZATIONNAME = hayashi;
				TargetAttributes = {
					71EBD9311E0A1BDD00FB1F7F = {
						CreatedOnToolsVersion = 7.3;
					};
					71EBD94A1E0A1BDD00FB1F7F = {
						CreatedOnToolsVersion = 7.3;
						TestTargetID = 71EBD9311E0A1BDD00FB1F7F;
					};
					71EBD9551E0A1BDD00FB1F7F = {
						CreatedOnToolsVersion = 7.3;
						TestTargetID = 71EBD9311E0A1BDD00FB1F7F;
					};
				};
			};
			buildConfigurationList = 71EBD92D1E0A1BDD00FB1F7F /* Build configuration list for PBXProject "2-1-2" */;
			compatibilityVersion = "Xcode 3.2";
			developmentRegion = English;
			hasScannedForEncodings = 0;
			knownRegions = (
				en,
				Base,
			);
			mainGroup = 71EBD9291E0A1BDD00FB1F7F;
			productRefGroup = 71EBD9331E0A1BDD00FB1F7F /* Products */;
			projectDirPath = "";
			projectRoot = "";
			targets = (
				71EBD9311E0A1BDD00FB1F7F /* 2-1-2 */,
				71EBD94A1E0A1BDD00FB1F7F /* 2-1-2Tests */,
				71EBD9551E0A1BDD00FB1F7F /* 2-1-2UITests */,
			);
		};
/* End PBXProject section */

/* Begin PBXResourcesBuildPhase section */
		71EBD9301E0A1BDD00FB1F7F /* Resources */ = {
			isa = PBXResourcesBuildPhase;
			buildActionMask = 2147483647;
			files = (
				71EBD9451E0A1BDD00FB1F7F /* LaunchScreen.storyboard in Resources */,
				71EBD96B1E0A1C9C00FB1F7F /* Images.xcassets in Resources */,
				71EBD9421E0A1BDD00FB1F7F /* Assets.xcassets in Resources */,
				71EBD9401E0A1BDD00FB1F7F /* Main.storyboard in Resources */,
			);
			runOnlyForDeploymentPostprocessing = 0;
		};
		71EBD9491E0A1BDD00FB1F7F /* Resources */ = {
			isa = PBXResourcesBuildPhase;
			buildActionMask = 2147483647;
			files = (
			);
			runOnlyForDeploymentPostprocessing = 0;
		};
		71EBD9541E0A1BDD00FB1F7F /* Resources */ = {
			isa = PBXResourcesBuildPhase;
			buildActionMask = 2147483647;
			files = (
			);
			runOnlyForDeploymentPostprocessing = 0;
		};
/* End PBXResourcesBuildPhase section */

/* Begin PBXSourcesBuildPhase section */
		71EBD92E1E0A1BDD00FB1F7F /* Sources */ = {
			isa = PBXSourcesBuildPhase;
			buildActionMask = 2147483647;
			files = (
				71EBD93D1E0A1BDD00FB1F7F /* ViewController.m in Sources */,
				71EBD93A1E0A1BDD00FB1F7F /* AppDelegate.m in Sources */,
				71EBD9371E0A1BDD00FB1F7F /* main.m in Sources */,
			);
			runOnlyForDeploymentPostprocessing = 0;
		};
		71EBD9471E0A1BDD00FB1F7F /* Sources */ = {
			isa = PBXSourcesBuildPhase;
			buildActionMask = 2147483647;
			files = (
				71EBD9501E0A1BDD00FB1F7F /* __1_2Tests.m in Sources */,
			);
			runOnlyForDeploymentPostprocessing = 0;
		};
		71EBD9521E0A1BDD00FB1F7F /* Sources */ = {
			isa = PBXSourcesBuildPhase;
			buildActionMask = 2147483647;
			files = (
				71EBD95B1E0A1BDE00FB1F7F /* __1_2UITests.m in Sources */,
			);
			runOnlyForDeploymentPostprocessing = 0;
		};
/* End PBXSourcesBuildPhase section */

/* Begin PBXTargetDependency section */
		71EBD94D1E0A1BDD00FB1F7F /* PBXTargetDependency */ = {
			isa = PBXTargetDependency;
			target = 71EBD9311E0A1BDD00FB1F7F /* 2-1-2 */;
			targetProxy = 71EBD94C1E0A1BDD00FB1F7F /* PBXContainerItemProxy */;
		};
		71EBD9581E0A1BDD00FB1F7F /* PBXTargetDependency */ = {
			isa = PBXTargetDependency;
			target = 71EBD9311E0A1BDD00FB1F7F /* 2-1-2 */;
			targetProxy = 71EBD9571E0A1BDD00FB1F7F /* PBXContainerItemProxy */;
		};
/* End PBXTargetDependency section */

/* Begin PBXVariantGroup section */
		71EBD93E1E0A1BDD00FB1F7F /* Main.storyboard */ = {
			isa = PBXVariantGroup;
			children = (
				71EBD93F1E0A1BDD00FB1F7F /* Base */,
			);
			name = Main.storyboard;
			sourceTree = "<group>";
		};
		71EBD9431E0A1BDD00FB1F7F /* LaunchScreen.storyboard */ = {
			isa = PBXVariantGroup;
			children = (
				71EBD9441E0A1BDD00FB1F7F /* Base */,
			);
			name = LaunchScreen.storyboard;
			sourceTree = "<group>";
		};
/* End PBXVariantGroup section */

/* Begin XCBuildConfiguration section */
		71EBD95D1E0A1BDE00FB1F7F /* Debug */ = {
			isa = XCBuildConfiguration;
			buildSettings = {
				ALWAYS_SEARCH_USER_PATHS = NO;
				CLANG_ANALYZER_NONNULL = YES;
				CLANG_CXX_LANGUAGE_STANDARD = "gnu++0x";
				CLANG_CXX_LIBRARY = "libc++";
				CLANG_ENABLE_MODULES = YES;
				CLANG_ENABLE_OBJC_ARC = YES;
				CLANG_WARN_BOOL_CONVERSION = YES;
				CLANG_WARN_CONSTANT_CONVERSION = YES;
				CLANG_WARN_DIRECT_OBJC_ISA_USAGE = YES_ERROR;
				CLANG_WARN_EMPTY_BODY = YES;
				CLANG_WARN_ENUM_CONVERSION = YES;
				CLANG_WARN_INT_CONVERSION = YES;
				CLANG_WARN_OBJC_ROOT_CLASS = YES_ERROR;
				CLANG_WARN_UNREACHABLE_CODE = YES;
				CLANG_WARN__DUPLICATE_METHOD_MATCH = YES;
				"CODE_SIGN_IDENTITY[sdk=iphoneos*]" = "iPhone Developer";
				COPY_PHASE_STRIP = NO;
				DEBUG_INFORMATION_FORMAT = dwarf;
				ENABLE_STRICT_OBJC_MSGSEND = YES;
				ENABLE_TESTABILITY = YES;
				GCC_C_LANGUAGE_STANDARD = gnu99;
				GCC_DYNAMIC_NO_PIC = NO;
				GCC_NO_COMMON_BLOCKS = YES;
				GCC_OPTIMIZATION_LEVEL = 0;
				GCC_PREPROCESSOR_DEFINITIONS = (
					"DEBUG=1",
					"$(inherited)",
				);
				GCC_WARN_64_TO_32_BIT_CONVERSION = YES;
				GCC_WARN_ABOUT_RETURN_TYPE = YES_ERROR;
				GCC_WARN_UNDECLARED_SELECTOR = YES;
				GCC_WARN_UNINITIALIZED_AUTOS = YES_AGGRESSIVE;
				GCC_WARN_UNUSED_FUNCTION = YES;
				GCC_WARN_UNUSED_VARIABLE = YES;
				IPHONEOS_DEPLOYMENT_TARGET = 9.3;
				MTL_ENABLE_DEBUG_INFO = YES;
				ONLY_ACTIVE_ARCH = YES;
				SDKROOT = iphoneos;
				TARGETED_DEVICE_FAMILY = "1,2";
			};
			name = Debug;
		};
		71EBD95E1E0A1BDE00FB1F7F /* Release */ = {
			isa = XCBuildConfiguration;
			buildSettings = {
				ALWAYS_SEARCH_USER_PATHS = NO;
				CLANG_ANALYZER_NONNULL = YES;
				CLANG_CXX_LANGUAGE_STANDARD = "gnu++0x";
				CLANG_CXX_LIBRARY = "libc++";
				CLANG_ENABLE_MODULES = YES;
				CLANG_ENABLE_OBJC_ARC = YES;
				CLANG_WARN_BOOL_CONVERSION = YES;
				CLANG_WARN_CONSTANT_CONVERSION = YES;
				CLANG_WARN_DIRECT_OBJC_ISA_USAGE = YES_ERROR;
				CLANG_WARN_EMPTY_BODY = YES;
				CLANG_WARN_ENUM_CONVERSION = YES;
				CLANG_WARN_INT_CONVERSION = YES;
				CLANG_WARN_OBJC_ROOT_CLASS = YES_ERROR;
				CLANG_WARN_UNREACHABLE_CODE = YES;
				CLANG_WARN__DUPLICATE_METHOD_MATCH = YES;
				"CODE_SIGN_IDENTITY[sdk=iphoneos*]" = "iPhone Developer";
				COPY_PHASE_STRIP = NO;
				DEBUG_INFORMATION_FORMAT = "dwarf-with-dsym";
				ENABLE_NS_ASSERTIONS = NO;
				ENABLE_STRICT_OBJC_MSGSEND = YES;
				GCC_C_LANGUAGE_STANDARD = gnu99;
				GCC_NO_COMMON_BLOCKS = YES;
				GCC_WARN_64_TO_32_BIT_CONVERSION = YES;
				GCC_WARN_ABOUT_RETURN_TYPE = YES_ERROR;
				GCC_WARN_UNDECLARED_SELECTOR = YES;
				GCC_WARN_UNINITIALIZED_AUTOS = YES_AGGRESSIVE;
				GCC_WARN_UNUSED_FUNCTION = YES;
				GCC_WARN_UNUSED_VARIABLE = YES;
				IPHONEOS_DEPLOYMENT_TARGET = 9.3;
				MTL_ENABLE_DEBUG_INFO = NO;
				SDKROOT = iphoneos;
				TARGETED_DEVICE_FAMILY = "1,2";
				VALIDATE_PRODUCT = YES;
			};
			name = Release;
		};
		71EBD9601E0A1BDE00FB1F7F /* Debug */ = {
			isa = XCBuildConfiguration;
			buildSettings = {
				ASSETCATALOG_COMPILER_APPICON_NAME = AppIcon;
				INFOPLIST_FILE = "2-1-2/Info.plist";
				LD_RUNPATH_SEARCH_PATHS = "$(inherited) @executable_path/Frameworks";
				PRODUCT_BUNDLE_IDENTIFIER = "jp.ac.neec.--1-2";
				PRODUCT_NAME = "$(TARGET_NAME)";
			};
			name = Debug;
		};
		71EBD9611E0A1BDE00FB1F7F /* Release */ = {
			isa = XCBuildConfiguration;
			buildSettings = {
				ASSETCATALOG_COMPILER_APPICON_NAME = AppIcon;
				INFOPLIST_FILE = "2-1-2/Info.plist";
				LD_RUNPATH_SEARCH_PATHS = "$(inherited) @executable_path/Frameworks";
				PRODUCT_BUNDLE_IDENTIFIER = "jp.ac.neec.--1-2";
				PRODUCT_NAME = "$(TARGET_NAME)";
			};
			name = Release;
		};
		71EBD9631E0A1BDE00FB1F7F /* Debug */ = {
			isa = XCBuildConfiguration;
			buildSettings = {
				BUNDLE_LOADER = "$(TEST_HOST)";
				INFOPLIST_FILE = "2-1-2Tests/Info.plist";
				LD_RUNPATH_SEARCH_PATHS = "$(inherited) @executable_path/Frameworks @loader_path/Frameworks";
				PRODUCT_BUNDLE_IDENTIFIER = "jp.ac.neec.--1-2Tests";
				PRODUCT_NAME = "$(TARGET_NAME)";
				TEST_HOST = "$(BUILT_PRODUCTS_DIR)/2-1-2.app/2-1-2";
			};
			name = Debug;
		};
		71EBD9641E0A1BDE00FB1F7F /* Release */ = {
			isa = XCBuildConfiguration;
			buildSettings = {
				BUNDLE_LOADER = "$(TEST_HOST)";
				INFOPLIST_FILE = "2-1-2Tests/Info.plist";
				LD_RUNPATH_SEARCH_PATHS = "$(inherited) @executable_path/Frameworks @loader_path/Frameworks";
				PRODUCT_BUNDLE_IDENTIFIER = "jp.ac.neec.--1-2Tests";
				PRODUCT_NAME = "$(TARGET_NAME)";
				TEST_HOST = "$(BUILT_PRODUCTS_DIR)/2-1-2.app/2-1-2";
			};
			name = Release;
		};
		71EBD9661E0A1BDE00FB1F7F /* Debug */ = {
			isa = XCBuildConfiguration;
			buildSettings = {
				INFOPLIST_FILE = "2-1-2UITests/Info.plist";
				LD_RUNPATH_SEARCH_PATHS = "$(inherited) @executable_path/Frameworks @loader_path/Frameworks";
				PRODUCT_BUNDLE_IDENTIFIER = "jp.ac.neec.--1-2UITests";
				PRODUCT_NAME = "$(TARGET_NAME)";
				TEST_TARGET_NAME = "2-1-2";
			};
			name = Debug;
		};
		71EBD9671E0A1BDE00FB1F7F /* Release */ = {
			isa = XCBuildConfiguration;
			buildSettings = {
				INFOPLIST_FILE = "2-1-2UITests/Info.plist";
				LD_RUNPATH_SEARCH_PATHS = "$(inherited) @executable_path/Frameworks @loader_path/Frameworks";
				PRODUCT_BUNDLE_IDENTIFIER = "jp.ac.neec.--1-2UITests";
				PRODUCT_NAME = "$(TARGET_NAME)";
				TEST_TARGET_NAME = "2-1-2";
			};
			name = Release;
		};
/* End XCBuildConfiguration section */

/* Begin XCConfigurationList section */
		71EBD92D1E0A1BDD00FB1F7F /* Build configuration list for PBXProject "2-1-2" */ = {
			isa = XCConfigurationList;
			buildConfigurations = (
				71EBD95D1E0A1BDE00FB1F7F /* Debug */,
				71EBD95E1E0A1BDE00FB1F7F /* Release */,
			);
			defaultConfigurationIsVisible = 0;
			defaultConfigurationName = Release;
		};
		71EBD95F1E0A1BDE00FB1F7F /* Build configuration list for PBXNativeTarget "2-1-2" */ = {
			isa = XCConfigurationList;
			buildConfigurations = (
				71EBD9601E0A1BDE00FB1F7F /* Debug */,
				71EBD9611E0A1BDE00FB1F7F /* Release */,
			);
			defaultConfigurationIsVisible = 0;
		};
		71EBD9621E0A1BDE00FB1F7F /* Build configuration list for PBXNativeTarget "2-1-2Tests" */ = {
			isa = XCConfigurationList;
			buildConfigurations = (
				71EBD9631E0A1BDE00FB1F7F /* Debug */,
				71EBD9641E0A1BDE00FB1F7F /* Release */,
			);
			defaultConfigurationIsVisible = 0;
		};
		71EBD9651E0A1BDE00FB1F7F /* Build configuration list for PBXNativeTarget "2-1-2UITests" */ = {
			isa = XCConfigurationList;
			buildConfigurations = (
				71EBD9661E0A1BDE00FB1F7F /* Debug */,
				71EBD9671E0A1BDE00FB1F7F /* Release */,
			);
			defaultConfigurationIsVisible = 0;
		};
/* End XCConfigurationList section */
	};
	rootObject = 71EBD92A1E0A1BDD00FB1F7F /* Project object */;
}
